// !$*UTF8*$!
{
	archiveVersion = 1;
	classes = {
	};
	objectVersion = 52;
	objects = {

/* Begin PBXBuildFile section */
		BC0D31062573EC4A00687169 /* AppDelegate.swift in Sources */ = {isa = PBXBuildFile; fileRef = BC0D31052573EC4A00687169 /* AppDelegate.swift */; };
		BC0D31082573EC4A00687169 /* SceneDelegate.swift in Sources */ = {isa = PBXBuildFile; fileRef = BC0D31072573EC4A00687169 /* SceneDelegate.swift */; };
		BC0D310A2573EC4A00687169 /* ContentView.swift in Sources */ = {isa = PBXBuildFile; fileRef = BC0D31092573EC4A00687169 /* ContentView.swift */; };
		BC0D310D2573EC4A00687169 /* HotProspects.xcdatamodeld in Sources */ = {isa = PBXBuildFile; fileRef = BC0D310B2573EC4A00687169 /* HotProspects.xcdatamodeld */; };
		BC0D310F2573EC4A00687169 /* Assets.xcassets in Resources */ = {isa = PBXBuildFile; fileRef = BC0D310E2573EC4A00687169 /* Assets.xcassets */; };
		BC0D31122573EC4A00687169 /* Preview Assets.xcassets in Resources */ = {isa = PBXBuildFile; fileRef = BC0D31112573EC4A00687169 /* Preview Assets.xcassets */; };
		BC0D31152573EC4A00687169 /* LaunchScreen.storyboard in Resources */ = {isa = PBXBuildFile; fileRef = BC0D31132573EC4A00687169 /* LaunchScreen.storyboard */; };
		BC81B9BC2585DEA500E7941D /* CodeScanner in Frameworks */ = {isa = PBXBuildFile; productRef = BC81B9BB2585DEA500E7941D /* CodeScanner */; };
		BC97DC6C2585D12400ED060A /* Prospects.swift in Sources */ = {isa = PBXBuildFile; fileRef = BC97DC6B2585D12400ED060A /* Prospects.swift */; };
		BCA6A08A2585CC9600006012 /* ProspectsView.swift in Sources */ = {isa = PBXBuildFile; fileRef = BCA6A0892585CC9600006012 /* ProspectsView.swift */; };
		BCA6A08E2585CCCD00006012 /* MeView.swift in Sources */ = {isa = PBXBuildFile; fileRef = BCA6A08D2585CCCD00006012 /* MeView.swift */; };
/* End PBXBuildFile section */

/* Begin PBXFileReference section */
		BC0D31022573EC4A00687169 /* HotProspects.app */ = {isa = PBXFileReference; explicitFileType = wrapper.application; includeInIndex = 0; path = HotProspects.app; sourceTree = BUILT_PRODUCTS_DIR; };
		BC0D31052573EC4A00687169 /* AppDelegate.swift */ = {isa = PBXFileReference; lastKnownFileType = sourcecode.swift; path = AppDelegate.swift; sourceTree = "<group>"; };
		BC0D31072573EC4A00687169 /* SceneDelegate.swift */ = {isa = PBXFileReference; lastKnownFileType = sourcecode.swift; path = SceneDelegate.swift; sourceTree = "<group>"; };
		BC0D31092573EC4A00687169 /* ContentView.swift */ = {isa = PBXFileReference; lastKnownFileType = sourcecode.swift; path = ContentView.swift; sourceTree = "<group>"; };
		BC0D310C2573EC4A00687169 /* HotProspects.xcdatamodel */ = {isa = PBXFileReference; lastKnownFileType = wrapper.xcdatamodel; path = HotProspects.xcdatamodel; sourceTree = "<group>"; };
		BC0D310E2573EC4A00687169 /* Assets.xcassets */ = {isa = PBXFileReference; lastKnownFileType = folder.assetcatalog; path = Assets.xcassets; sourceTree = "<group>"; };
		BC0D31112573EC4A00687169 /* Preview Assets.xcassets */ = {isa = PBXFileReference; lastKnownFileType = folder.assetcatalog; path = "Preview Assets.xcassets"; sourceTree = "<group>"; };
		BC0D31142573EC4A00687169 /* Base */ = {isa = PBXFileReference; lastKnownFileType = file.storyboard; name = Base; path = Base.lproj/LaunchScreen.storyboard; sourceTree = "<group>"; };
		BC0D31162573EC4A00687169 /* Info.plist */ = {isa = PBXFileReference; lastKnownFileType = text.plist.xml; path = Info.plist; sourceTree = "<group>"; };
		BC97DC6B2585D12400ED060A /* Prospects.swift */ = {isa = PBXFileReference; lastKnownFileType = sourcecode.swift; path = Prospects.swift; sourceTree = "<group>"; };
		BCA6A0892585CC9600006012 /* ProspectsView.swift */ = {isa = PBXFileReference; lastKnownFileType = sourcecode.swift; path = ProspectsView.swift; sourceTree = "<group>"; };
		BCA6A08D2585CCCD00006012 /* MeView.swift */ = {isa = PBXFileReference; lastKnownFileType = sourcecode.swift; path = MeView.swift; sourceTree = SOURCE_ROOT; };
/* End PBXFileReference section */

/* Begin PBXFrameworksBuildPhase section */
		BC0D30FF2573EC4A00687169 /* Frameworks */ = {
			isa = PBXFrameworksBuildPhase;
			buildActionMask = 2147483647;
			files = (
				BC81B9BC2585DEA500E7941D /* CodeScanner in Frameworks */,
			);
			runOnlyForDeploymentPostprocessing = 0;
		};
/* End PBXFrameworksBuildPhase section */

/* Begin PBXGroup section */
		BC0D30F92573EC4A00687169 = {
			isa = PBXGroup;
			children = (
				BC0D31042573EC4A00687169 /* HotProspects */,
				BC0D31032573EC4A00687169 /* Products */,
			);
			sourceTree = "<group>";
		};
		BC0D31032573EC4A00687169 /* Products */ = {
			isa = PBXGroup;
			children = (
				BC0D31022573EC4A00687169 /* HotProspects.app */,
			);
			name = Products;
			sourceTree = "<group>";
		};
		BC0D31042573EC4A00687169 /* HotProspects */ = {
			isa = PBXGroup;
			children = (
				BC97DC6A2585D11900ED060A /* Models */,
				BCA6A08C2585CCA100006012 /* Views */,
				BC0D31052573EC4A00687169 /* AppDelegate.swift */,
				BC0D31072573EC4A00687169 /* SceneDelegate.swift */,
				BC0D310E2573EC4A00687169 /* Assets.xcassets */,
				BC0D31132573EC4A00687169 /* LaunchScreen.storyboard */,
				BC0D31162573EC4A00687169 /* Info.plist */,
				BC0D310B2573EC4A00687169 /* HotProspects.xcdatamodeld */,
				BC0D31102573EC4A00687169 /* Preview Content */,
			);
			path = HotProspects;
			sourceTree = "<group>";
		};
		BC0D31102573EC4A00687169 /* Preview Content */ = {
			isa = PBXGroup;
			children = (
				BC0D31112573EC4A00687169 /* Preview Assets.xcassets */,
			);
			path = "Preview Content";
			sourceTree = "<group>";
		};
		BC97DC6A2585D11900ED060A /* Models */ = {
			isa = PBXGroup;
			children = (
				BC97DC6B2585D12400ED060A /* Prospects.swift */,
			);
			path = Models;
			sourceTree = "<group>";
		};
		BCA6A08C2585CCA100006012 /* Views */ = {
			isa = PBXGroup;
			children = (
				BCA6A08D2585CCCD00006012 /* MeView.swift */,
				BC0D31092573EC4A00687169 /* ContentView.swift */,
				BCA6A0892585CC9600006012 /* ProspectsView.swift */,
			);
			path = Views;
			sourceTree = "<group>";
		};
/* End PBXGroup section */

/* Begin PBXNativeTarget section */
		BC0D31012573EC4A00687169 /* HotProspects */ = {
			isa = PBXNativeTarget;
			buildConfigurationList = BC0D31192573EC4A00687169 /* Build configuration list for PBXNativeTarget "HotProspects" */;
			buildPhases = (
				BC0D30FE2573EC4A00687169 /* Sources */,
				BC0D30FF2573EC4A00687169 /* Frameworks */,
				BC0D31002573EC4A00687169 /* Resources */,
			);
			buildRules = (
			);
			dependencies = (
			);
			name = HotProspects;
			packageProductDependencies = (
				BC81B9BB2585DEA500E7941D /* CodeScanner */,
			);
			productName = HotProspects;
			productReference = BC0D31022573EC4A00687169 /* HotProspects.app */;
			productType = "com.apple.product-type.application";
		};
/* End PBXNativeTarget section */

/* Begin PBXProject section */
		BC0D30FA2573EC4A00687169 /* Project object */ = {
			isa = PBXProject;
			attributes = {
				LastSwiftUpdateCheck = 1220;
				LastUpgradeCheck = 1220;
				TargetAttributes = {
					BC0D31012573EC4A00687169 = {
						CreatedOnToolsVersion = 12.2;
					};
				};
			};
			buildConfigurationList = BC0D30FD2573EC4A00687169 /* Build configuration list for PBXProject "HotProspects" */;
			compatibilityVersion = "Xcode 9.3";
			developmentRegion = en;
			hasScannedForEncodings = 0;
			knownRegions = (
				en,
				Base,
			);
			mainGroup = BC0D30F92573EC4A00687169;
			packageReferences = (
				BC81B9BA2585DEA500E7941D /* XCRemoteSwiftPackageReference "CodeScanner" */,
			);
			productRefGroup = BC0D31032573EC4A00687169 /* Products */;
			projectDirPath = "";
			projectRoot = "";
			targets = (
				BC0D31012573EC4A00687169 /* HotProspects */,
			);
		};
/* End PBXProject section */

/* Begin PBXResourcesBuildPhase section */
		BC0D31002573EC4A00687169 /* Resources */ = {
			isa = PBXResourcesBuildPhase;
			buildActionMask = 2147483647;
			files = (
				BC0D31152573EC4A00687169 /* LaunchScreen.storyboard in Resources */,
				BC0D31122573EC4A00687169 /* Preview Assets.xcassets in Resources */,
				BC0D310F2573EC4A00687169 /* Assets.xcassets in Resources */,
			);
			runOnlyForDeploymentPostprocessing = 0;
		};
/* End PBXResourcesBuildPhase section */

/* Begin PBXSourcesBuildPhase section */
		BC0D30FE2573EC4A00687169 /* Sources */ = {
			isa = PBXSourcesBuildPhase;
			buildActionMask = 2147483647;
			files = (
				BC97DC6C2585D12400ED060A /* Prospects.swift in Sources */,
				BCA6A08E2585CCCD00006012 /* MeView.swift in Sources */,
				BC0D31062573EC4A00687169 /* AppDelegate.swift in Sources */,
				BC0D31082573EC4A00687169 /* SceneDelegate.swift in Sources */,
				BCA6A08A2585CC9600006012 /* ProspectsView.swift in Sources */,
				BC0D310A2573EC4A00687169 /* ContentView.swift in Sources */,
				BC0D310D2573EC4A00687169 /* HotProspects.xcdatamodeld in Sources */,
			);
			runOnlyForDeploymentPostprocessing = 0;
		};
/* End PBXSourcesBuildPhase section */

/* Begin PBXVariantGroup section */
		BC0D31132573EC4A00687169 /* LaunchScreen.storyboard */ = {
			isa = PBXVariantGroup;
			children = (
				BC0D31142573EC4A00687169 /* Base */,
			);
			name = LaunchScreen.storyboard;
			sourceTree = "<group>";
		};
/* End PBXVariantGroup section */

/* Begin XCBuildConfiguration section */
		BC0D31172573EC4A00687169 /* Debug */ = {
			isa = XCBuildConfiguration;
			buildSettings = {
				ALWAYS_SEARCH_USER_PATHS = NO;
				CLANG_ANALYZER_NONNULL = YES;
				CLANG_ANALYZER_NUMBER_OBJECT_CONVERSION = YES_AGGRESSIVE;
				CLANG_CXX_LANGUAGE_STANDARD = "gnu++14";
				CLANG_CXX_LIBRARY = "libc++";
				CLANG_ENABLE_MODULES = YES;
				CLANG_ENABLE_OBJC_ARC = YES;
				CLANG_ENABLE_OBJC_WEAK = YES;
				CLANG_WARN_BLOCK_CAPTURE_AUTORELEASING = YES;
				CLANG_WARN_BOOL_CONVERSION = YES;
				CLANG_WARN_COMMA = YES;
				CLANG_WARN_CONSTANT_CONVERSION = YES;
				CLANG_WARN_DEPRECATED_OBJC_IMPLEMENTATIONS = YES;
				CLANG_WARN_DIRECT_OBJC_ISA_USAGE = YES_ERROR;
				CLANG_WARN_DOCUMENTATION_COMMENTS = YES;
				CLANG_WARN_EMPTY_BODY = YES;
				CLANG_WARN_ENUM_CONVERSION = YES;
				CLANG_WARN_INFINITE_RECURSION = YES;
				CLANG_WARN_INT_CONVERSION = YES;
				CLANG_WARN_NON_LITERAL_NULL_CONVERSION = YES;
				CLANG_WARN_OBJC_IMPLICIT_RETAIN_SELF = YES;
				CLANG_WARN_OBJC_LITERAL_CONVERSION = YES;
				CLANG_WARN_OBJC_ROOT_CLASS = YES_ERROR;
				CLANG_WARN_QUOTED_INCLUDE_IN_FRAMEWORK_HEADER = YES;
				CLANG_WARN_RANGE_LOOP_ANALYSIS = YES;
				CLANG_WARN_STRICT_PROTOTYPES = YES;
				CLANG_WARN_SUSPICIOUS_MOVE = YES;
				CLANG_WARN_UNGUARDED_AVAILABILITY = YES_AGGRESSIVE;
				CLANG_WARN_UNREACHABLE_CODE = YES;
				CLANG_WARN__DUPLICATE_METHOD_MATCH = YES;
				COPY_PHASE_STRIP = NO;
				DEBUG_INFORMATION_FORMAT = dwarf;
				ENABLE_STRICT_OBJC_MSGSEND = YES;
				ENABLE_TESTABILITY = YES;
				GCC_C_LANGUAGE_STANDARD = gnu11;
				GCC_DYNAMIC_NO_PIC = NO;
				GCC_NO_COMMON_BLOCKS = YES;
				GCC_OPTIMIZATION_LEVEL = 0;
				GCC_PREPROCESSOR_DEFINITIONS = (
					"DEBUG=1",
					"$(inherited)",
				);
				GCC_WARN_64_TO_32_BIT_CONVERSION = YES;
				GCC_WARN_ABOUT_RETURN_TYPE = YES_ERROR;
				GCC_WARN_UNDECLARED_SELECTOR = YES;
				GCC_WARN_UNINITIALIZED_AUTOS = YES_AGGRESSIVE;
				GCC_WARN_UNUSED_FUNCTION = YES;
				GCC_WARN_UNUSED_VARIABLE = YES;
				IPHONEOS_DEPLOYMENT_TARGET = 14.2;
				MTL_ENABLE_DEBUG_INFO = INCLUDE_SOURCE;
				MTL_FAST_MATH = YES;
				ONLY_ACTIVE_ARCH = YES;
				SDKROOT = iphoneos;
				SWIFT_ACTIVE_COMPILATION_CONDITIONS = DEBUG;
				SWIFT_OPTIMIZATION_LEVEL = "-Onone";
			};
			name = Debug;
		};
		BC0D31182573EC4A00687169 /* Release */ = {
			isa = XCBuildConfiguration;
			buildSettings = {
				ALWAYS_SEARCH_USER_PATHS = NO;
				CLANG_ANALYZER_NONNULL = YES;
				CLANG_ANALYZER_NUMBER_OBJECT_CONVERSION = YES_AGGRESSIVE;
				CLANG_CXX_LANGUAGE_STANDARD = "gnu++14";
				CLANG_CXX_LIBRARY = "libc++";
				CLANG_ENABLE_MODULES = YES;
				CLANG_ENABLE_OBJC_ARC = YES;
				CLANG_ENABLE_OBJC_WEAK = YES;
				CLANG_WARN_BLOCK_CAPTURE_AUTORELEASING = YES;
				CLANG_WARN_BOOL_CONVERSION = YES;
				CLANG_WARN_COMMA = YES;
				CLANG_WARN_CONSTANT_CONVERSION = YES;
				CLANG_WARN_DEPRECATED_OBJC_IMPLEMENTATIONS = YES;
				CLANG_WARN_DIRECT_OBJC_ISA_USAGE = YES_ERROR;
				CLANG_WARN_DOCUMENTATION_COMMENTS = YES;
				CLANG_WARN_EMPTY_BODY = YES;
				CLANG_WARN_ENUM_CONVERSION = YES;
				CLANG_WARN_INFINITE_RECURSION = YES;
				CLANG_WARN_INT_CONVERSION = YES;
				CLANG_WARN_NON_LITERAL_NULL_CONVERSION = YES;
				CLANG_WARN_OBJC_IMPLICIT_RETAIN_SELF = YES;
				CLANG_WARN_OBJC_LITERAL_CONVERSION = YES;
				CLANG_WARN_OBJC_ROOT_CLASS = YES_ERROR;
				CLANG_WARN_QUOTED_INCLUDE_IN_FRAMEWORK_HEADER = YES;
				CLANG_WARN_RANGE_LOOP_ANALYSIS = YES;
				CLANG_WARN_STRICT_PROTOTYPES = YES;
				CLANG_WARN_SUSPICIOUS_MOVE = YES;
				CLANG_WARN_UNGUARDED_AVAILABILITY = YES_AGGRESSIVE;
				CLANG_WARN_UNREACHABLE_CODE = YES;
				CLANG_WARN__DUPLICATE_METHOD_MATCH = YES;
				COPY_PHASE_STRIP = NO;
				DEBUG_INFORMATION_FORMAT = "dwarf-with-dsym";
				ENABLE_NS_ASSERTIONS = NO;
				ENABLE_STRICT_OBJC_MSGSEND = YES;
				GCC_C_LANGUAGE_STANDARD = gnu11;
				GCC_NO_COMMON_BLOCKS = YES;
				GCC_WARN_64_TO_32_BIT_CONVERSION = YES;
				GCC_WARN_ABOUT_RETURN_TYPE = YES_ERROR;
				GCC_WARN_UNDECLARED_SELECTOR = YES;
				GCC_WARN_UNINITIALIZED_AUTOS = YES_AGGRESSIVE;
				GCC_WARN_UNUSED_FUNCTION = YES;
				GCC_WARN_UNUSED_VARIABLE = YES;
				IPHONEOS_DEPLOYMENT_TARGET = 14.2;
				MTL_ENABLE_DEBUG_INFO = NO;
				MTL_FAST_MATH = YES;
				SDKROOT = iphoneos;
				SWIFT_COMPILATION_MODE = wholemodule;
				SWIFT_OPTIMIZATION_LEVEL = "-O";
				VALIDATE_PRODUCT = YES;
			};
			name = Release;
		};
		BC0D311A2573EC4A00687169 /* Debug */ = {
			isa = XCBuildConfiguration;
			buildSettings = {
				ASSETCATALOG_COMPILER_APPICON_NAME = AppIcon;
				ASSETCATALOG_COMPILER_GLOBAL_ACCENT_COLOR_NAME = AccentColor;
				CODE_SIGN_STYLE = Automatic;
				DEVELOPMENT_ASSET_PATHS = "\"HotProspects/Preview Content\"";
				DEVELOPMENT_TEAM = GMC4Z3BP4Y;
				ENABLE_PREVIEWS = YES;
				INFOPLIST_FILE = HotProspects/Info.plist;
				LD_RUNPATH_SEARCH_PATHS = (
					"$(inherited)",
					"@executable_path/Frameworks",
				);
				PRODUCT_BUNDLE_IDENTIFIER = com.kellough.HotProspects;
				PRODUCT_NAME = "$(TARGET_NAME)";
				SWIFT_VERSION = 5.0;
				TARGETED_DEVICE_FAMILY = "1,2";
			};
			name = Debug;
		};
		BC0D311B2573EC4A00687169 /* Release */ = {
			isa = XCBuildConfiguration;
			buildSettings = {
				ASSETCATALOG_COMPILER_APPICON_NAME = AppIcon;
				ASSETCATALOG_COMPILER_GLOBAL_ACCENT_COLOR_NAME = AccentColor;
				CODE_SIGN_STYLE = Automatic;
				DEVELOPMENT_ASSET_PATHS = "\"HotProspects/Preview Content\"";
				DEVELOPMENT_TEAM = GMC4Z3BP4Y;
				ENABLE_PREVIEWS = YES;
				INFOPLIST_FILE = HotProspects/Info.plist;
				LD_RUNPATH_SEARCH_PATHS = (
					"$(inherited)",
					"@executable_path/Frameworks",
				);
				PRODUCT_BUNDLE_IDENTIFIER = com.kellough.HotProspects;
				PRODUCT_NAME = "$(TARGET_NAME)";
				SWIFT_VERSION = 5.0;
				TARGETED_DEVICE_FAMILY = "1,2";
			};
			name = Release;
		};
/* End XCBuildConfiguration section */

/* Begin XCConfigurationList section */
		BC0D30FD2573EC4A00687169 /* Build configuration list for PBXProject "HotProspects" */ = {
			isa = XCConfigurationList;
			buildConfigurations = (
				BC0D31172573EC4A00687169 /* Debug */,
				BC0D31182573EC4A00687169 /* Release */,
			);
			defaultConfigurationIsVisible = 0;
			defaultConfigurationName = Release;
		};
		BC0D31192573EC4A00687169 /* Build configuration list for PBXNativeTarget "HotProspects" */ = {
			isa = XCConfigurationList;
			buildConfigurations = (
				BC0D311A2573EC4A00687169 /* Debug */,
				BC0D311B2573EC4A00687169 /* Release */,
			);
			defaultConfigurationIsVisible = 0;
			defaultConfigurationName = Release;
		};
/* End XCConfigurationList section */

/* Begin XCRemoteSwiftPackageReference section */
		BC81B9BA2585DEA500E7941D /* XCRemoteSwiftPackageReference "CodeScanner" */ = {
			isa = XCRemoteSwiftPackageReference;
			repositoryURL = "https://github.com/twostraws/CodeScanner";
			requirement = {
				kind = upToNextMajorVersion;
				minimumVersion = 1.0.7;
			};
		};
/* End XCRemoteSwiftPackageReference section */

/* Begin XCSwiftPackageProductDependency section */
		BC81B9BB2585DEA500E7941D /* CodeScanner */ = {
			isa = XCSwiftPackageProductDependency;
			package = BC81B9BA2585DEA500E7941D /* XCRemoteSwiftPackageReference "CodeScanner" */;
			productName = CodeScanner;
		};
/* End XCSwiftPackageProductDependency section */

/* Begin XCVersionGroup section */
		BC0D310B2573EC4A00687169 /* HotProspects.xcdatamodeld */ = {
			isa = XCVersionGroup;
			children = (
				BC0D310C2573EC4A00687169 /* HotProspects.xcdatamodel */,
			);
			currentVersion = BC0D310C2573EC4A00687169 /* HotProspects.xcdatamodel */;
			path = HotProspects.xcdatamodeld;
			sourceTree = "<group>";
			versionGroupType = wrapper.xcdatamodel;
		};
/* End XCVersionGroup section */
	};
	rootObject = BC0D30FA2573EC4A00687169 /* Project object */;
}
