// !$*UTF8*$!
{
	archiveVersion = 1;
	classes = {
	};
	objectVersion = 50;
	objects = {

/* Begin PBXBuildFile section */
		BCB3CAF02569BFE300A6FA41 /* AppDelegate.swift in Sources */ = {isa = PBXBuildFile; fileRef = BCB3CAEF2569BFE300A6FA41 /* AppDelegate.swift */; };
		BCB3CAF22569BFE300A6FA41 /* SceneDelegate.swift in Sources */ = {isa = PBXBuildFile; fileRef = BCB3CAF12569BFE300A6FA41 /* SceneDelegate.swift */; };
		BCB3CAF42569BFE300A6FA41 /* ContentView.swift in Sources */ = {isa = PBXBuildFile; fileRef = BCB3CAF32569BFE300A6FA41 /* ContentView.swift */; };
		BCB3CAF72569BFE300A6FA41 /* CoreDataProject.xcdatamodeld in Sources */ = {isa = PBXBuildFile; fileRef = BCB3CAF52569BFE300A6FA41 /* CoreDataProject.xcdatamodeld */; };
		BCB3CAF92569BFE300A6FA41 /* Assets.xcassets in Resources */ = {isa = PBXBuildFile; fileRef = BCB3CAF82569BFE300A6FA41 /* Assets.xcassets */; };
		BCB3CAFC2569BFE300A6FA41 /* Preview Assets.xcassets in Resources */ = {isa = PBXBuildFile; fileRef = BCB3CAFB2569BFE300A6FA41 /* Preview Assets.xcassets */; };
		BCB3CAFF2569BFE300A6FA41 /* LaunchScreen.storyboard in Resources */ = {isa = PBXBuildFile; fileRef = BCB3CAFD2569BFE300A6FA41 /* LaunchScreen.storyboard */; };
		BCB3CB092569C3BF00A6FA41 /* Movie+CoreDataClass.swift in Sources */ = {isa = PBXBuildFile; fileRef = BCB3CB072569C3BF00A6FA41 /* Movie+CoreDataClass.swift */; };
		BCB3CB0A2569C3BF00A6FA41 /* Movie+CoreDataProperties.swift in Sources */ = {isa = PBXBuildFile; fileRef = BCB3CB082569C3BF00A6FA41 /* Movie+CoreDataProperties.swift */; };
/* End PBXBuildFile section */

/* Begin PBXFileReference section */
		BCB3CAEC2569BFE300A6FA41 /* CoreDataProject.app */ = {isa = PBXFileReference; explicitFileType = wrapper.application; includeInIndex = 0; path = CoreDataProject.app; sourceTree = BUILT_PRODUCTS_DIR; };
		BCB3CAEF2569BFE300A6FA41 /* AppDelegate.swift */ = {isa = PBXFileReference; lastKnownFileType = sourcecode.swift; path = AppDelegate.swift; sourceTree = "<group>"; };
		BCB3CAF12569BFE300A6FA41 /* SceneDelegate.swift */ = {isa = PBXFileReference; lastKnownFileType = sourcecode.swift; path = SceneDelegate.swift; sourceTree = "<group>"; };
		BCB3CAF32569BFE300A6FA41 /* ContentView.swift */ = {isa = PBXFileReference; lastKnownFileType = sourcecode.swift; path = ContentView.swift; sourceTree = "<group>"; };
		BCB3CAF62569BFE300A6FA41 /* CoreDataProject.xcdatamodel */ = {isa = PBXFileReference; lastKnownFileType = wrapper.xcdatamodel; path = CoreDataProject.xcdatamodel; sourceTree = "<group>"; };
		BCB3CAF82569BFE300A6FA41 /* Assets.xcassets */ = {isa = PBXFileReference; lastKnownFileType = folder.assetcatalog; path = Assets.xcassets; sourceTree = "<group>"; };
		BCB3CAFB2569BFE300A6FA41 /* Preview Assets.xcassets */ = {isa = PBXFileReference; lastKnownFileType = folder.assetcatalog; path = "Preview Assets.xcassets"; sourceTree = "<group>"; };
		BCB3CAFE2569BFE300A6FA41 /* Base */ = {isa = PBXFileReference; lastKnownFileType = file.storyboard; name = Base; path = Base.lproj/LaunchScreen.storyboard; sourceTree = "<group>"; };
		BCB3CB002569BFE300A6FA41 /* Info.plist */ = {isa = PBXFileReference; lastKnownFileType = text.plist.xml; path = Info.plist; sourceTree = "<group>"; };
		BCB3CB072569C3BF00A6FA41 /* Movie+CoreDataClass.swift */ = {isa = PBXFileReference; lastKnownFileType = sourcecode.swift; path = "Movie+CoreDataClass.swift"; sourceTree = "<group>"; };
		BCB3CB082569C3BF00A6FA41 /* Movie+CoreDataProperties.swift */ = {isa = PBXFileReference; lastKnownFileType = sourcecode.swift; path = "Movie+CoreDataProperties.swift"; sourceTree = "<group>"; };
/* End PBXFileReference section */

/* Begin PBXFrameworksBuildPhase section */
		BCB3CAE92569BFE300A6FA41 /* Frameworks */ = {
			isa = PBXFrameworksBuildPhase;
			buildActionMask = 2147483647;
			files = (
			);
			runOnlyForDeploymentPostprocessing = 0;
		};
/* End PBXFrameworksBuildPhase section */

/* Begin PBXGroup section */
		BCB3CAE32569BFE300A6FA41 = {
			isa = PBXGroup;
			children = (
				BCB3CAEE2569BFE300A6FA41 /* CoreDataProject */,
				BCB3CAED2569BFE300A6FA41 /* Products */,
			);
			sourceTree = "<group>";
		};
		BCB3CAED2569BFE300A6FA41 /* Products */ = {
			isa = PBXGroup;
			children = (
				BCB3CAEC2569BFE300A6FA41 /* CoreDataProject.app */,
			);
			name = Products;
			sourceTree = "<group>";
		};
		BCB3CAEE2569BFE300A6FA41 /* CoreDataProject */ = {
			isa = PBXGroup;
			children = (
				BCB3CB072569C3BF00A6FA41 /* Movie+CoreDataClass.swift */,
				BCB3CB082569C3BF00A6FA41 /* Movie+CoreDataProperties.swift */,
				BCB3CAEF2569BFE300A6FA41 /* AppDelegate.swift */,
				BCB3CAF12569BFE300A6FA41 /* SceneDelegate.swift */,
				BCB3CAF32569BFE300A6FA41 /* ContentView.swift */,
				BCB3CAF82569BFE300A6FA41 /* Assets.xcassets */,
				BCB3CAFD2569BFE300A6FA41 /* LaunchScreen.storyboard */,
				BCB3CB002569BFE300A6FA41 /* Info.plist */,
				BCB3CAF52569BFE300A6FA41 /* CoreDataProject.xcdatamodeld */,
				BCB3CAFA2569BFE300A6FA41 /* Preview Content */,
			);
			path = CoreDataProject;
			sourceTree = "<group>";
		};
		BCB3CAFA2569BFE300A6FA41 /* Preview Content */ = {
			isa = PBXGroup;
			children = (
				BCB3CAFB2569BFE300A6FA41 /* Preview Assets.xcassets */,
			);
			path = "Preview Content";
			sourceTree = "<group>";
		};
/* End PBXGroup section */

/* Begin PBXNativeTarget section */
		BCB3CAEB2569BFE300A6FA41 /* CoreDataProject */ = {
			isa = PBXNativeTarget;
			buildConfigurationList = BCB3CB032569BFE300A6FA41 /* Build configuration list for PBXNativeTarget "CoreDataProject" */;
			buildPhases = (
				BCB3CAE82569BFE300A6FA41 /* Sources */,
				BCB3CAE92569BFE300A6FA41 /* Frameworks */,
				BCB3CAEA2569BFE300A6FA41 /* Resources */,
			);
			buildRules = (
			);
			dependencies = (
			);
			name = CoreDataProject;
			productName = CoreDataProject;
			productReference = BCB3CAEC2569BFE300A6FA41 /* CoreDataProject.app */;
			productType = "com.apple.product-type.application";
		};
/* End PBXNativeTarget section */

/* Begin PBXProject section */
		BCB3CAE42569BFE300A6FA41 /* Project object */ = {
			isa = PBXProject;
			attributes = {
				LastSwiftUpdateCheck = 1220;
				LastUpgradeCheck = 1220;
				TargetAttributes = {
					BCB3CAEB2569BFE300A6FA41 = {
						CreatedOnToolsVersion = 12.2;
					};
				};
			};
			buildConfigurationList = BCB3CAE72569BFE300A6FA41 /* Build configuration list for PBXProject "CoreDataProject" */;
			compatibilityVersion = "Xcode 9.3";
			developmentRegion = en;
			hasScannedForEncodings = 0;
			knownRegions = (
				en,
				Base,
			);
			mainGroup = BCB3CAE32569BFE300A6FA41;
			productRefGroup = BCB3CAED2569BFE300A6FA41 /* Products */;
			projectDirPath = "";
			projectRoot = "";
			targets = (
				BCB3CAEB2569BFE300A6FA41 /* CoreDataProject */,
			);
		};
/* End PBXProject section */

/* Begin PBXResourcesBuildPhase section */
		BCB3CAEA2569BFE300A6FA41 /* Resources */ = {
			isa = PBXResourcesBuildPhase;
			buildActionMask = 2147483647;
			files = (
				BCB3CAFF2569BFE300A6FA41 /* LaunchScreen.storyboard in Resources */,
				BCB3CAFC2569BFE300A6FA41 /* Preview Assets.xcassets in Resources */,
				BCB3CAF92569BFE300A6FA41 /* Assets.xcassets in Resources */,
			);
			runOnlyForDeploymentPostprocessing = 0;
		};
/* End PBXResourcesBuildPhase section */

/* Begin PBXSourcesBuildPhase section */
		BCB3CAE82569BFE300A6FA41 /* Sources */ = {
			isa = PBXSourcesBuildPhase;
			buildActionMask = 2147483647;
			files = (
				BCB3CAF02569BFE300A6FA41 /* AppDelegate.swift in Sources */,
				BCB3CAF22569BFE300A6FA41 /* SceneDelegate.swift in Sources */,
				BCB3CAF72569BFE300A6FA41 /* CoreDataProject.xcdatamodeld in Sources */,
				BCB3CB092569C3BF00A6FA41 /* Movie+CoreDataClass.swift in Sources */,
				BCB3CB0A2569C3BF00A6FA41 /* Movie+CoreDataProperties.swift in Sources */,
				BCB3CAF42569BFE300A6FA41 /* ContentView.swift in Sources */,
			);
			runOnlyForDeploymentPostprocessing = 0;
		};
/* End PBXSourcesBuildPhase section */

/* Begin PBXVariantGroup section */
		BCB3CAFD2569BFE300A6FA41 /* LaunchScreen.storyboard */ = {
			isa = PBXVariantGroup;
			children = (
				BCB3CAFE2569BFE300A6FA41 /* Base */,
			);
			name = LaunchScreen.storyboard;
			sourceTree = "<group>";
		};
/* End PBXVariantGroup section */

/* Begin XCBuildConfiguration section */
		BCB3CB012569BFE300A6FA41 /* Debug */ = {
			isa = XCBuildConfiguration;
			buildSettings = {
				ALWAYS_SEARCH_USER_PATHS = NO;
				CLANG_ANALYZER_NONNULL = YES;
				CLANG_ANALYZER_NUMBER_OBJECT_CONVERSION = YES_AGGRESSIVE;
				CLANG_CXX_LANGUAGE_STANDARD = "gnu++14";
				CLANG_CXX_LIBRARY = "libc++";
				CLANG_ENABLE_MODULES = YES;
				CLANG_ENABLE_OBJC_ARC = YES;
				CLANG_ENABLE_OBJC_WEAK = YES;
				CLANG_WARN_BLOCK_CAPTURE_AUTORELEASING = YES;
				CLANG_WARN_BOOL_CONVERSION = YES;
				CLANG_WARN_COMMA = YES;
				CLANG_WARN_CONSTANT_CONVERSION = YES;
				CLANG_WARN_DEPRECATED_OBJC_IMPLEMENTATIONS = YES;
				CLANG_WARN_DIRECT_OBJC_ISA_USAGE = YES_ERROR;
				CLANG_WARN_DOCUMENTATION_COMMENTS = YES;
				CLANG_WARN_EMPTY_BODY = YES;
				CLANG_WARN_ENUM_CONVERSION = YES;
				CLANG_WARN_INFINITE_RECURSION = YES;
				CLANG_WARN_INT_CONVERSION = YES;
				CLANG_WARN_NON_LITERAL_NULL_CONVERSION = YES;
				CLANG_WARN_OBJC_IMPLICIT_RETAIN_SELF = YES;
				CLANG_WARN_OBJC_LITERAL_CONVERSION = YES;
				CLANG_WARN_OBJC_ROOT_CLASS = YES_ERROR;
				CLANG_WARN_QUOTED_INCLUDE_IN_FRAMEWORK_HEADER = YES;
				CLANG_WARN_RANGE_LOOP_ANALYSIS = YES;
				CLANG_WARN_STRICT_PROTOTYPES = YES;
				CLANG_WARN_SUSPICIOUS_MOVE = YES;
				CLANG_WARN_UNGUARDED_AVAILABILITY = YES_AGGRESSIVE;
				CLANG_WARN_UNREACHABLE_CODE = YES;
				CLANG_WARN__DUPLICATE_METHOD_MATCH = YES;
				COPY_PHASE_STRIP = NO;
				DEBUG_INFORMATION_FORMAT = dwarf;
				ENABLE_STRICT_OBJC_MSGSEND = YES;
				ENABLE_TESTABILITY = YES;
				GCC_C_LANGUAGE_STANDARD = gnu11;
				GCC_DYNAMIC_NO_PIC = NO;
				GCC_NO_COMMON_BLOCKS = YES;
				GCC_OPTIMIZATION_LEVEL = 0;
				GCC_PREPROCESSOR_DEFINITIONS = (
					"DEBUG=1",
					"$(inherited)",
				);
				GCC_WARN_64_TO_32_BIT_CONVERSION = YES;
				GCC_WARN_ABOUT_RETURN_TYPE = YES_ERROR;
				GCC_WARN_UNDECLARED_SELECTOR = YES;
				GCC_WARN_UNINITIALIZED_AUTOS = YES_AGGRESSIVE;
				GCC_WARN_UNUSED_FUNCTION = YES;
				GCC_WARN_UNUSED_VARIABLE = YES;
				IPHONEOS_DEPLOYMENT_TARGET = 14.2;
				MTL_ENABLE_DEBUG_INFO = INCLUDE_SOURCE;
				MTL_FAST_MATH = YES;
				ONLY_ACTIVE_ARCH = YES;
				SDKROOT = iphoneos;
				SWIFT_ACTIVE_COMPILATION_CONDITIONS = DEBUG;
				SWIFT_OPTIMIZATION_LEVEL = "-Onone";
			};
			name = Debug;
		};
		BCB3CB022569BFE300A6FA41 /* Release */ = {
			isa = XCBuildConfiguration;
			buildSettings = {
				ALWAYS_SEARCH_USER_PATHS = NO;
				CLANG_ANALYZER_NONNULL = YES;
				CLANG_ANALYZER_NUMBER_OBJECT_CONVERSION = YES_AGGRESSIVE;
				CLANG_CXX_LANGUAGE_STANDARD = "gnu++14";
				CLANG_CXX_LIBRARY = "libc++";
				CLANG_ENABLE_MODULES = YES;
				CLANG_ENABLE_OBJC_ARC = YES;
				CLANG_ENABLE_OBJC_WEAK = YES;
				CLANG_WARN_BLOCK_CAPTURE_AUTORELEASING = YES;
				CLANG_WARN_BOOL_CONVERSION = YES;
				CLANG_WARN_COMMA = YES;
				CLANG_WARN_CONSTANT_CONVERSION = YES;
				CLANG_WARN_DEPRECATED_OBJC_IMPLEMENTATIONS = YES;
				CLANG_WARN_DIRECT_OBJC_ISA_USAGE = YES_ERROR;
				CLANG_WARN_DOCUMENTATION_COMMENTS = YES;
				CLANG_WARN_EMPTY_BODY = YES;
				CLANG_WARN_ENUM_CONVERSION = YES;
				CLANG_WARN_INFINITE_RECURSION = YES;
				CLANG_WARN_INT_CONVERSION = YES;
				CLANG_WARN_NON_LITERAL_NULL_CONVERSION = YES;
				CLANG_WARN_OBJC_IMPLICIT_RETAIN_SELF = YES;
				CLANG_WARN_OBJC_LITERAL_CONVERSION = YES;
				CLANG_WARN_OBJC_ROOT_CLASS = YES_ERROR;
				CLANG_WARN_QUOTED_INCLUDE_IN_FRAMEWORK_HEADER = YES;
				CLANG_WARN_RANGE_LOOP_ANALYSIS = YES;
				CLANG_WARN_STRICT_PROTOTYPES = YES;
				CLANG_WARN_SUSPICIOUS_MOVE = YES;
				CLANG_WARN_UNGUARDED_AVAILABILITY = YES_AGGRESSIVE;
				CLANG_WARN_UNREACHABLE_CODE = YES;
				CLANG_WARN__DUPLICATE_METHOD_MATCH = YES;
				COPY_PHASE_STRIP = NO;
				DEBUG_INFORMATION_FORMAT = "dwarf-with-dsym";
				ENABLE_NS_ASSERTIONS = NO;
				ENABLE_STRICT_OBJC_MSGSEND = YES;
				GCC_C_LANGUAGE_STANDARD = gnu11;
				GCC_NO_COMMON_BLOCKS = YES;
				GCC_WARN_64_TO_32_BIT_CONVERSION = YES;
				GCC_WARN_ABOUT_RETURN_TYPE = YES_ERROR;
				GCC_WARN_UNDECLARED_SELECTOR = YES;
				GCC_WARN_UNINITIALIZED_AUTOS = YES_AGGRESSIVE;
				GCC_WARN_UNUSED_FUNCTION = YES;
				GCC_WARN_UNUSED_VARIABLE = YES;
				IPHONEOS_DEPLOYMENT_TARGET = 14.2;
				MTL_ENABLE_DEBUG_INFO = NO;
				MTL_FAST_MATH = YES;
				SDKROOT = iphoneos;
				SWIFT_COMPILATION_MODE = wholemodule;
				SWIFT_OPTIMIZATION_LEVEL = "-O";
				VALIDATE_PRODUCT = YES;
			};
			name = Release;
		};
		BCB3CB042569BFE300A6FA41 /* Debug */ = {
			isa = XCBuildConfiguration;
			buildSettings = {
				ASSETCATALOG_COMPILER_APPICON_NAME = AppIcon;
				ASSETCATALOG_COMPILER_GLOBAL_ACCENT_COLOR_NAME = AccentColor;
				CODE_SIGN_STYLE = Automatic;
				DEVELOPMENT_ASSET_PATHS = "\"CoreDataProject/Preview Content\"";
				DEVELOPMENT_TEAM = GMC4Z3BP4Y;
				ENABLE_PREVIEWS = YES;
				INFOPLIST_FILE = CoreDataProject/Info.plist;
				LD_RUNPATH_SEARCH_PATHS = (
					"$(inherited)",
					"@executable_path/Frameworks",
				);
				PRODUCT_BUNDLE_IDENTIFIER = com.kellough.CoreDataProject;
				PRODUCT_NAME = "$(TARGET_NAME)";
				SWIFT_VERSION = 5.0;
				TARGETED_DEVICE_FAMILY = "1,2";
			};
			name = Debug;
		};
		BCB3CB052569BFE300A6FA41 /* Release */ = {
			isa = XCBuildConfiguration;
			buildSettings = {
				ASSETCATALOG_COMPILER_APPICON_NAME = AppIcon;
				ASSETCATALOG_COMPILER_GLOBAL_ACCENT_COLOR_NAME = AccentColor;
				CODE_SIGN_STYLE = Automatic;
				DEVELOPMENT_ASSET_PATHS = "\"CoreDataProject/Preview Content\"";
				DEVELOPMENT_TEAM = GMC4Z3BP4Y;
				ENABLE_PREVIEWS = YES;
				INFOPLIST_FILE = CoreDataProject/Info.plist;
				LD_RUNPATH_SEARCH_PATHS = (
					"$(inherited)",
					"@executable_path/Frameworks",
				);
				PRODUCT_BUNDLE_IDENTIFIER = com.kellough.CoreDataProject;
				PRODUCT_NAME = "$(TARGET_NAME)";
				SWIFT_VERSION = 5.0;
				TARGETED_DEVICE_FAMILY = "1,2";
			};
			name = Release;
		};
/* End XCBuildConfiguration section */

/* Begin XCConfigurationList section */
		BCB3CAE72569BFE300A6FA41 /* Build configuration list for PBXProject "CoreDataProject" */ = {
			isa = XCConfigurationList;
			buildConfigurations = (
				BCB3CB012569BFE300A6FA41 /* Debug */,
				BCB3CB022569BFE300A6FA41 /* Release */,
			);
			defaultConfigurationIsVisible = 0;
			defaultConfigurationName = Release;
		};
		BCB3CB032569BFE300A6FA41 /* Build configuration list for PBXNativeTarget "CoreDataProject" */ = {
			isa = XCConfigurationList;
			buildConfigurations = (
				BCB3CB042569BFE300A6FA41 /* Debug */,
				BCB3CB052569BFE300A6FA41 /* Release */,
			);
			defaultConfigurationIsVisible = 0;
			defaultConfigurationName = Release;
		};
/* End XCConfigurationList section */

/* Begin XCVersionGroup section */
		BCB3CAF52569BFE300A6FA41 /* CoreDataProject.xcdatamodeld */ = {
			isa = XCVersionGroup;
			children = (
				BCB3CAF62569BFE300A6FA41 /* CoreDataProject.xcdatamodel */,
			);
			currentVersion = BCB3CAF62569BFE300A6FA41 /* CoreDataProject.xcdatamodel */;
			path = CoreDataProject.xcdatamodeld;
			sourceTree = "<group>";
			versionGroupType = wrapper.xcdatamodel;
		};
/* End XCVersionGroup section */
	};
	rootObject = BCB3CAE42569BFE300A6FA41 /* Project object */;
}
