// !$*UTF8*$!
{
	archiveVersion = 1;
	classes = {
	};
	objectVersion = 50;
	objects = {

/* Begin PBXBuildFile section */
		BC3676D1251929FE007677BB /* AddActivityView.swift in Sources */ = {isa = PBXBuildFile; fileRef = BC3676D0251929FE007677BB /* AddActivityView.swift */; };
		BC3676D3251945FF007677BB /* ActivitiesModel.swift in Sources */ = {isa = PBXBuildFile; fileRef = BC3676D2251945FF007677BB /* ActivitiesModel.swift */; };
		BC880D32252022A700E6BB3E /* ActivityDetailView.swift in Sources */ = {isa = PBXBuildFile; fileRef = BC880D31252022A700E6BB3E /* ActivityDetailView.swift */; };
		BCC51C142520FA9D0067AE21 /* CustomViewModifiers.swift in Sources */ = {isa = PBXBuildFile; fileRef = BCC51C132520FA9D0067AE21 /* CustomViewModifiers.swift */; };
		BCD97DF92518453600F2B6FC /* Milestone_7_9_HabitTrackerApp.swift in Sources */ = {isa = PBXBuildFile; fileRef = BCD97DF82518453600F2B6FC /* Milestone_7_9_HabitTrackerApp.swift */; };
		BCD97DFB2518453600F2B6FC /* ContentView.swift in Sources */ = {isa = PBXBuildFile; fileRef = BCD97DFA2518453600F2B6FC /* ContentView.swift */; };
		BCD97DFD2518453600F2B6FC /* Assets.xcassets in Resources */ = {isa = PBXBuildFile; fileRef = BCD97DFC2518453600F2B6FC /* Assets.xcassets */; };
		BCD97E002518453600F2B6FC /* Preview Assets.xcassets in Resources */ = {isa = PBXBuildFile; fileRef = BCD97DFF2518453600F2B6FC /* Preview Assets.xcassets */; };
/* End PBXBuildFile section */

/* Begin PBXFileReference section */
		BC3676D0251929FE007677BB /* AddActivityView.swift */ = {isa = PBXFileReference; lastKnownFileType = sourcecode.swift; path = AddActivityView.swift; sourceTree = "<group>"; };
		BC3676D2251945FF007677BB /* ActivitiesModel.swift */ = {isa = PBXFileReference; lastKnownFileType = sourcecode.swift; path = ActivitiesModel.swift; sourceTree = "<group>"; };
		BC880D31252022A700E6BB3E /* ActivityDetailView.swift */ = {isa = PBXFileReference; lastKnownFileType = sourcecode.swift; path = ActivityDetailView.swift; sourceTree = "<group>"; };
		BCC51C132520FA9D0067AE21 /* CustomViewModifiers.swift */ = {isa = PBXFileReference; lastKnownFileType = sourcecode.swift; path = CustomViewModifiers.swift; sourceTree = "<group>"; };
		BCD97DF52518453600F2B6FC /* Milestone 7-9 HabitTracker.app */ = {isa = PBXFileReference; explicitFileType = wrapper.application; includeInIndex = 0; path = "Milestone 7-9 HabitTracker.app"; sourceTree = BUILT_PRODUCTS_DIR; };
		BCD97DF82518453600F2B6FC /* Milestone_7_9_HabitTrackerApp.swift */ = {isa = PBXFileReference; lastKnownFileType = sourcecode.swift; path = Milestone_7_9_HabitTrackerApp.swift; sourceTree = "<group>"; };
		BCD97DFA2518453600F2B6FC /* ContentView.swift */ = {isa = PBXFileReference; lastKnownFileType = sourcecode.swift; path = ContentView.swift; sourceTree = "<group>"; };
		BCD97DFC2518453600F2B6FC /* Assets.xcassets */ = {isa = PBXFileReference; lastKnownFileType = folder.assetcatalog; path = Assets.xcassets; sourceTree = "<group>"; };
		BCD97DFF2518453600F2B6FC /* Preview Assets.xcassets */ = {isa = PBXFileReference; lastKnownFileType = folder.assetcatalog; path = "Preview Assets.xcassets"; sourceTree = "<group>"; };
		BCD97E012518453600F2B6FC /* Info.plist */ = {isa = PBXFileReference; lastKnownFileType = text.plist.xml; path = Info.plist; sourceTree = "<group>"; };
/* End PBXFileReference section */

/* Begin PBXFrameworksBuildPhase section */
		BCD97DF22518453600F2B6FC /* Frameworks */ = {
			isa = PBXFrameworksBuildPhase;
			buildActionMask = 2147483647;
			files = (
			);
			runOnlyForDeploymentPostprocessing = 0;
		};
/* End PBXFrameworksBuildPhase section */

/* Begin PBXGroup section */
		BCD97DEC2518453500F2B6FC = {
			isa = PBXGroup;
			children = (
				BCD97DF72518453600F2B6FC /* Milestone 7-9 HabitTracker */,
				BCD97DF62518453600F2B6FC /* Products */,
			);
			sourceTree = "<group>";
		};
		BCD97DF62518453600F2B6FC /* Products */ = {
			isa = PBXGroup;
			children = (
				BCD97DF52518453600F2B6FC /* Milestone 7-9 HabitTracker.app */,
			);
			name = Products;
			sourceTree = "<group>";
		};
		BCD97DF72518453600F2B6FC /* Milestone 7-9 HabitTracker */ = {
			isa = PBXGroup;
			children = (
				BCD97DF82518453600F2B6FC /* Milestone_7_9_HabitTrackerApp.swift */,
				BC3676D2251945FF007677BB /* ActivitiesModel.swift */,
				BC3676D0251929FE007677BB /* AddActivityView.swift */,
				BC880D31252022A700E6BB3E /* ActivityDetailView.swift */,
				BCD97DFA2518453600F2B6FC /* ContentView.swift */,
				BCD97DFC2518453600F2B6FC /* Assets.xcassets */,
				BCD97E012518453600F2B6FC /* Info.plist */,
				BCD97DFE2518453600F2B6FC /* Preview Content */,
				BCC51C132520FA9D0067AE21 /* CustomViewModifiers.swift */,
			);
			path = "Milestone 7-9 HabitTracker";
			sourceTree = "<group>";
		};
		BCD97DFE2518453600F2B6FC /* Preview Content */ = {
			isa = PBXGroup;
			children = (
				BCD97DFF2518453600F2B6FC /* Preview Assets.xcassets */,
			);
			path = "Preview Content";
			sourceTree = "<group>";
		};
/* End PBXGroup section */

/* Begin PBXNativeTarget section */
		BCD97DF42518453600F2B6FC /* Milestone 7-9 HabitTracker */ = {
			isa = PBXNativeTarget;
			buildConfigurationList = BCD97E042518453600F2B6FC /* Build configuration list for PBXNativeTarget "Milestone 7-9 HabitTracker" */;
			buildPhases = (
				BCD97DF12518453600F2B6FC /* Sources */,
				BCD97DF22518453600F2B6FC /* Frameworks */,
				BCD97DF32518453600F2B6FC /* Resources */,
			);
			buildRules = (
			);
			dependencies = (
			);
			name = "Milestone 7-9 HabitTracker";
			productName = "Milestone 7-9 HabitTracker";
			productReference = BCD97DF52518453600F2B6FC /* Milestone 7-9 HabitTracker.app */;
			productType = "com.apple.product-type.application";
		};
/* End PBXNativeTarget section */

/* Begin PBXProject section */
		BCD97DED2518453500F2B6FC /* Project object */ = {
			isa = PBXProject;
			attributes = {
				LastSwiftUpdateCheck = 1200;
				LastUpgradeCheck = 1200;
				TargetAttributes = {
					BCD97DF42518453600F2B6FC = {
						CreatedOnToolsVersion = 12.0;
					};
				};
			};
			buildConfigurationList = BCD97DF02518453500F2B6FC /* Build configuration list for PBXProject "Milestone 7-9 HabitTracker" */;
			compatibilityVersion = "Xcode 9.3";
			developmentRegion = en;
			hasScannedForEncodings = 0;
			knownRegions = (
				en,
				Base,
			);
			mainGroup = BCD97DEC2518453500F2B6FC;
			productRefGroup = BCD97DF62518453600F2B6FC /* Products */;
			projectDirPath = "";
			projectRoot = "";
			targets = (
				BCD97DF42518453600F2B6FC /* Milestone 7-9 HabitTracker */,
			);
		};
/* End PBXProject section */

/* Begin PBXResourcesBuildPhase section */
		BCD97DF32518453600F2B6FC /* Resources */ = {
			isa = PBXResourcesBuildPhase;
			buildActionMask = 2147483647;
			files = (
				BCD97E002518453600F2B6FC /* Preview Assets.xcassets in Resources */,
				BCD97DFD2518453600F2B6FC /* Assets.xcassets in Resources */,
			);
			runOnlyForDeploymentPostprocessing = 0;
		};
/* End PBXResourcesBuildPhase section */

/* Begin PBXSourcesBuildPhase section */
		BCD97DF12518453600F2B6FC /* Sources */ = {
			isa = PBXSourcesBuildPhase;
			buildActionMask = 2147483647;
			files = (
				BC3676D1251929FE007677BB /* AddActivityView.swift in Sources */,
				BCD97DFB2518453600F2B6FC /* ContentView.swift in Sources */,
				BC3676D3251945FF007677BB /* ActivitiesModel.swift in Sources */,
				BC880D32252022A700E6BB3E /* ActivityDetailView.swift in Sources */,
				BCC51C142520FA9D0067AE21 /* CustomViewModifiers.swift in Sources */,
				BCD97DF92518453600F2B6FC /* Milestone_7_9_HabitTrackerApp.swift in Sources */,
			);
			runOnlyForDeploymentPostprocessing = 0;
		};
/* End PBXSourcesBuildPhase section */

/* Begin XCBuildConfiguration section */
		BCD97E022518453600F2B6FC /* Debug */ = {
			isa = XCBuildConfiguration;
			buildSettings = {
				ALWAYS_SEARCH_USER_PATHS = NO;
				CLANG_ANALYZER_NONNULL = YES;
				CLANG_ANALYZER_NUMBER_OBJECT_CONVERSION = YES_AGGRESSIVE;
				CLANG_CXX_LANGUAGE_STANDARD = "gnu++14";
				CLANG_CXX_LIBRARY = "libc++";
				CLANG_ENABLE_MODULES = YES;
				CLANG_ENABLE_OBJC_ARC = YES;
				CLANG_ENABLE_OBJC_WEAK = YES;
				CLANG_WARN_BLOCK_CAPTURE_AUTORELEASING = YES;
				CLANG_WARN_BOOL_CONVERSION = YES;
				CLANG_WARN_COMMA = YES;
				CLANG_WARN_CONSTANT_CONVERSION = YES;
				CLANG_WARN_DEPRECATED_OBJC_IMPLEMENTATIONS = YES;
				CLANG_WARN_DIRECT_OBJC_ISA_USAGE = YES_ERROR;
				CLANG_WARN_DOCUMENTATION_COMMENTS = YES;
				CLANG_WARN_EMPTY_BODY = YES;
				CLANG_WARN_ENUM_CONVERSION = YES;
				CLANG_WARN_INFINITE_RECURSION = YES;
				CLANG_WARN_INT_CONVERSION = YES;
				CLANG_WARN_NON_LITERAL_NULL_CONVERSION = YES;
				CLANG_WARN_OBJC_IMPLICIT_RETAIN_SELF = YES;
				CLANG_WARN_OBJC_LITERAL_CONVERSION = YES;
				CLANG_WARN_OBJC_ROOT_CLASS = YES_ERROR;
				CLANG_WARN_QUOTED_INCLUDE_IN_FRAMEWORK_HEADER = YES;
				CLANG_WARN_RANGE_LOOP_ANALYSIS = YES;
				CLANG_WARN_STRICT_PROTOTYPES = YES;
				CLANG_WARN_SUSPICIOUS_MOVE = YES;
				CLANG_WARN_UNGUARDED_AVAILABILITY = YES_AGGRESSIVE;
				CLANG_WARN_UNREACHABLE_CODE = YES;
				CLANG_WARN__DUPLICATE_METHOD_MATCH = YES;
				COPY_PHASE_STRIP = NO;
				DEBUG_INFORMATION_FORMAT = dwarf;
				ENABLE_STRICT_OBJC_MSGSEND = YES;
				ENABLE_TESTABILITY = YES;
				GCC_C_LANGUAGE_STANDARD = gnu11;
				GCC_DYNAMIC_NO_PIC = NO;
				GCC_NO_COMMON_BLOCKS = YES;
				GCC_OPTIMIZATION_LEVEL = 0;
				GCC_PREPROCESSOR_DEFINITIONS = (
					"DEBUG=1",
					"$(inherited)",
				);
				GCC_WARN_64_TO_32_BIT_CONVERSION = YES;
				GCC_WARN_ABOUT_RETURN_TYPE = YES_ERROR;
				GCC_WARN_UNDECLARED_SELECTOR = YES;
				GCC_WARN_UNINITIALIZED_AUTOS = YES_AGGRESSIVE;
				GCC_WARN_UNUSED_FUNCTION = YES;
				GCC_WARN_UNUSED_VARIABLE = YES;
				IPHONEOS_DEPLOYMENT_TARGET = 14.0;
				MTL_ENABLE_DEBUG_INFO = INCLUDE_SOURCE;
				MTL_FAST_MATH = YES;
				ONLY_ACTIVE_ARCH = YES;
				SDKROOT = iphoneos;
				SWIFT_ACTIVE_COMPILATION_CONDITIONS = DEBUG;
				SWIFT_OPTIMIZATION_LEVEL = "-Onone";
			};
			name = Debug;
		};
		BCD97E032518453600F2B6FC /* Release */ = {
			isa = XCBuildConfiguration;
			buildSettings = {
				ALWAYS_SEARCH_USER_PATHS = NO;
				CLANG_ANALYZER_NONNULL = YES;
				CLANG_ANALYZER_NUMBER_OBJECT_CONVERSION = YES_AGGRESSIVE;
				CLANG_CXX_LANGUAGE_STANDARD = "gnu++14";
				CLANG_CXX_LIBRARY = "libc++";
				CLANG_ENABLE_MODULES = YES;
				CLANG_ENABLE_OBJC_ARC = YES;
				CLANG_ENABLE_OBJC_WEAK = YES;
				CLANG_WARN_BLOCK_CAPTURE_AUTORELEASING = YES;
				CLANG_WARN_BOOL_CONVERSION = YES;
				CLANG_WARN_COMMA = YES;
				CLANG_WARN_CONSTANT_CONVERSION = YES;
				CLANG_WARN_DEPRECATED_OBJC_IMPLEMENTATIONS = YES;
				CLANG_WARN_DIRECT_OBJC_ISA_USAGE = YES_ERROR;
				CLANG_WARN_DOCUMENTATION_COMMENTS = YES;
				CLANG_WARN_EMPTY_BODY = YES;
				CLANG_WARN_ENUM_CONVERSION = YES;
				CLANG_WARN_INFINITE_RECURSION = YES;
				CLANG_WARN_INT_CONVERSION = YES;
				CLANG_WARN_NON_LITERAL_NULL_CONVERSION = YES;
				CLANG_WARN_OBJC_IMPLICIT_RETAIN_SELF = YES;
				CLANG_WARN_OBJC_LITERAL_CONVERSION = YES;
				CLANG_WARN_OBJC_ROOT_CLASS = YES_ERROR;
				CLANG_WARN_QUOTED_INCLUDE_IN_FRAMEWORK_HEADER = YES;
				CLANG_WARN_RANGE_LOOP_ANALYSIS = YES;
				CLANG_WARN_STRICT_PROTOTYPES = YES;
				CLANG_WARN_SUSPICIOUS_MOVE = YES;
				CLANG_WARN_UNGUARDED_AVAILABILITY = YES_AGGRESSIVE;
				CLANG_WARN_UNREACHABLE_CODE = YES;
				CLANG_WARN__DUPLICATE_METHOD_MATCH = YES;
				COPY_PHASE_STRIP = NO;
				DEBUG_INFORMATION_FORMAT = "dwarf-with-dsym";
				ENABLE_NS_ASSERTIONS = NO;
				ENABLE_STRICT_OBJC_MSGSEND = YES;
				GCC_C_LANGUAGE_STANDARD = gnu11;
				GCC_NO_COMMON_BLOCKS = YES;
				GCC_WARN_64_TO_32_BIT_CONVERSION = YES;
				GCC_WARN_ABOUT_RETURN_TYPE = YES_ERROR;
				GCC_WARN_UNDECLARED_SELECTOR = YES;
				GCC_WARN_UNINITIALIZED_AUTOS = YES_AGGRESSIVE;
				GCC_WARN_UNUSED_FUNCTION = YES;
				GCC_WARN_UNUSED_VARIABLE = YES;
				IPHONEOS_DEPLOYMENT_TARGET = 14.0;
				MTL_ENABLE_DEBUG_INFO = NO;
				MTL_FAST_MATH = YES;
				SDKROOT = iphoneos;
				SWIFT_COMPILATION_MODE = wholemodule;
				SWIFT_OPTIMIZATION_LEVEL = "-O";
				VALIDATE_PRODUCT = YES;
			};
			name = Release;
		};
		BCD97E052518453600F2B6FC /* Debug */ = {
			isa = XCBuildConfiguration;
			buildSettings = {
				ASSETCATALOG_COMPILER_APPICON_NAME = AppIcon;
				ASSETCATALOG_COMPILER_GLOBAL_ACCENT_COLOR_NAME = AccentColor;
				CODE_SIGN_STYLE = Automatic;
				DEVELOPMENT_ASSET_PATHS = "\"Milestone 7-9 HabitTracker/Preview Content\"";
				DEVELOPMENT_TEAM = GMC4Z3BP4Y;
				ENABLE_PREVIEWS = YES;
				INFOPLIST_FILE = "Milestone 7-9 HabitTracker/Info.plist";
				IPHONEOS_DEPLOYMENT_TARGET = 14.0;
				LD_RUNPATH_SEARCH_PATHS = (
					"$(inherited)",
					"@executable_path/Frameworks",
				);
				PRODUCT_BUNDLE_IDENTIFIER = "com.kellough.Milestone-7-9-HabitTracker";
				PRODUCT_NAME = "$(TARGET_NAME)";
				SWIFT_VERSION = 5.0;
				TARGETED_DEVICE_FAMILY = "1,2";
			};
			name = Debug;
		};
		BCD97E062518453600F2B6FC /* Release */ = {
			isa = XCBuildConfiguration;
			buildSettings = {
				ASSETCATALOG_COMPILER_APPICON_NAME = AppIcon;
				ASSETCATALOG_COMPILER_GLOBAL_ACCENT_COLOR_NAME = AccentColor;
				CODE_SIGN_STYLE = Automatic;
				DEVELOPMENT_ASSET_PATHS = "\"Milestone 7-9 HabitTracker/Preview Content\"";
				DEVELOPMENT_TEAM = GMC4Z3BP4Y;
				ENABLE_PREVIEWS = YES;
				INFOPLIST_FILE = "Milestone 7-9 HabitTracker/Info.plist";
				IPHONEOS_DEPLOYMENT_TARGET = 14.0;
				LD_RUNPATH_SEARCH_PATHS = (
					"$(inherited)",
					"@executable_path/Frameworks",
				);
				PRODUCT_BUNDLE_IDENTIFIER = "com.kellough.Milestone-7-9-HabitTracker";
				PRODUCT_NAME = "$(TARGET_NAME)";
				SWIFT_VERSION = 5.0;
				TARGETED_DEVICE_FAMILY = "1,2";
			};
			name = Release;
		};
/* End XCBuildConfiguration section */

/* Begin XCConfigurationList section */
		BCD97DF02518453500F2B6FC /* Build configuration list for PBXProject "Milestone 7-9 HabitTracker" */ = {
			isa = XCConfigurationList;
			buildConfigurations = (
				BCD97E022518453600F2B6FC /* Debug */,
				BCD97E032518453600F2B6FC /* Release */,
			);
			defaultConfigurationIsVisible = 0;
			defaultConfigurationName = Release;
		};
		BCD97E042518453600F2B6FC /* Build configuration list for PBXNativeTarget "Milestone 7-9 HabitTracker" */ = {
			isa = XCConfigurationList;
			buildConfigurations = (
				BCD97E052518453600F2B6FC /* Debug */,
				BCD97E062518453600F2B6FC /* Release */,
			);
			defaultConfigurationIsVisible = 0;
			defaultConfigurationName = Release;
		};
/* End XCConfigurationList section */
	};
	rootObject = BCD97DED2518453500F2B6FC /* Project object */;
}
