// !$*UTF8*$!
{
	archiveVersion = 1;
	classes = {
	};
	objectVersion = 50;
	objects = {

/* Begin PBXBuildFile section */
		BC3E0F1B258B10AA001EA950 /* AppDelegate.swift in Sources */ = {isa = PBXBuildFile; fileRef = BC3E0F1A258B10AA001EA950 /* AppDelegate.swift */; };
		BC3E0F1D258B10AA001EA950 /* SceneDelegate.swift in Sources */ = {isa = PBXBuildFile; fileRef = BC3E0F1C258B10AA001EA950 /* SceneDelegate.swift */; };
		BC3E0F1F258B10AA001EA950 /* ContentView.swift in Sources */ = {isa = PBXBuildFile; fileRef = BC3E0F1E258B10AA001EA950 /* ContentView.swift */; };
		BC3E0F24258B10AB001EA950 /* Assets.xcassets in Resources */ = {isa = PBXBuildFile; fileRef = BC3E0F23258B10AB001EA950 /* Assets.xcassets */; };
		BC3E0F27258B10AB001EA950 /* Preview Assets.xcassets in Resources */ = {isa = PBXBuildFile; fileRef = BC3E0F26258B10AB001EA950 /* Preview Assets.xcassets */; };
		BC3E0F2A258B10AB001EA950 /* LaunchScreen.storyboard in Resources */ = {isa = PBXBuildFile; fileRef = BC3E0F28258B10AB001EA950 /* LaunchScreen.storyboard */; };
		BCD79FC5258B13B800BA259C /* RollView.swift in Sources */ = {isa = PBXBuildFile; fileRef = BCD79FC4258B13B800BA259C /* RollView.swift */; };
		BCD79FCB258B1C2A00BA259C /* Roll+CoreDataClass.swift in Sources */ = {isa = PBXBuildFile; fileRef = BCD79FC9258B1C2A00BA259C /* Roll+CoreDataClass.swift */; };
		BCD79FCC258B1C2A00BA259C /* Roll+CoreDataProperties.swift in Sources */ = {isa = PBXBuildFile; fileRef = BCD79FCA258B1C2A00BA259C /* Roll+CoreDataProperties.swift */; };
		BCD79FD0258B1CE400BA259C /* Milestone_16_18_DiceRoller.xcdatamodeld in Resources */ = {isa = PBXBuildFile; fileRef = BC3E0F20258B10AA001EA950 /* Milestone_16_18_DiceRoller.xcdatamodeld */; };
/* End PBXBuildFile section */

/* Begin PBXFileReference section */
		BC3E0F17258B10AA001EA950 /* Milestone 16-18 DiceRoller.app */ = {isa = PBXFileReference; explicitFileType = wrapper.application; includeInIndex = 0; path = "Milestone 16-18 DiceRoller.app"; sourceTree = BUILT_PRODUCTS_DIR; };
		BC3E0F1A258B10AA001EA950 /* AppDelegate.swift */ = {isa = PBXFileReference; lastKnownFileType = sourcecode.swift; path = AppDelegate.swift; sourceTree = "<group>"; };
		BC3E0F1C258B10AA001EA950 /* SceneDelegate.swift */ = {isa = PBXFileReference; lastKnownFileType = sourcecode.swift; path = SceneDelegate.swift; sourceTree = "<group>"; };
		BC3E0F1E258B10AA001EA950 /* ContentView.swift */ = {isa = PBXFileReference; lastKnownFileType = sourcecode.swift; path = ContentView.swift; sourceTree = "<group>"; };
		BC3E0F21258B10AA001EA950 /* Milestone_16_18_DiceRoller.xcdatamodel */ = {isa = PBXFileReference; lastKnownFileType = wrapper.xcdatamodel; path = Milestone_16_18_DiceRoller.xcdatamodel; sourceTree = "<group>"; };
		BC3E0F23258B10AB001EA950 /* Assets.xcassets */ = {isa = PBXFileReference; lastKnownFileType = folder.assetcatalog; path = Assets.xcassets; sourceTree = "<group>"; };
		BC3E0F26258B10AB001EA950 /* Preview Assets.xcassets */ = {isa = PBXFileReference; lastKnownFileType = folder.assetcatalog; path = "Preview Assets.xcassets"; sourceTree = "<group>"; };
		BC3E0F29258B10AB001EA950 /* Base */ = {isa = PBXFileReference; lastKnownFileType = file.storyboard; name = Base; path = Base.lproj/LaunchScreen.storyboard; sourceTree = "<group>"; };
		BC3E0F2B258B10AB001EA950 /* Info.plist */ = {isa = PBXFileReference; lastKnownFileType = text.plist.xml; path = Info.plist; sourceTree = "<group>"; };
		BCD79FC4258B13B800BA259C /* RollView.swift */ = {isa = PBXFileReference; lastKnownFileType = sourcecode.swift; path = RollView.swift; sourceTree = "<group>"; };
		BCD79FC9258B1C2A00BA259C /* Roll+CoreDataClass.swift */ = {isa = PBXFileReference; lastKnownFileType = sourcecode.swift; path = "Roll+CoreDataClass.swift"; sourceTree = SOURCE_ROOT; };
		BCD79FCA258B1C2A00BA259C /* Roll+CoreDataProperties.swift */ = {isa = PBXFileReference; lastKnownFileType = sourcecode.swift; path = "Roll+CoreDataProperties.swift"; sourceTree = SOURCE_ROOT; };
/* End PBXFileReference section */

/* Begin PBXFrameworksBuildPhase section */
		BC3E0F14258B10AA001EA950 /* Frameworks */ = {
			isa = PBXFrameworksBuildPhase;
			buildActionMask = 2147483647;
			files = (
			);
			runOnlyForDeploymentPostprocessing = 0;
		};
/* End PBXFrameworksBuildPhase section */

/* Begin PBXGroup section */
		BC3E0F0E258B10AA001EA950 = {
			isa = PBXGroup;
			children = (
				BC3E0F19258B10AA001EA950 /* Milestone 16-18 DiceRoller */,
				BC3E0F18258B10AA001EA950 /* Products */,
			);
			sourceTree = "<group>";
		};
		BC3E0F18258B10AA001EA950 /* Products */ = {
			isa = PBXGroup;
			children = (
				BC3E0F17258B10AA001EA950 /* Milestone 16-18 DiceRoller.app */,
			);
			name = Products;
			sourceTree = "<group>";
		};
		BC3E0F19258B10AA001EA950 /* Milestone 16-18 DiceRoller */ = {
			isa = PBXGroup;
			children = (
				BCD79FC8258B1C0F00BA259C /* Models */,
				BC3E0F32258B10BE001EA950 /* Views */,
				BC3E0F1A258B10AA001EA950 /* AppDelegate.swift */,
				BC3E0F1C258B10AA001EA950 /* SceneDelegate.swift */,
				BC3E0F23258B10AB001EA950 /* Assets.xcassets */,
				BC3E0F28258B10AB001EA950 /* LaunchScreen.storyboard */,
				BC3E0F2B258B10AB001EA950 /* Info.plist */,
				BC3E0F25258B10AB001EA950 /* Preview Content */,
			);
			path = "Milestone 16-18 DiceRoller";
			sourceTree = "<group>";
		};
		BC3E0F25258B10AB001EA950 /* Preview Content */ = {
			isa = PBXGroup;
			children = (
				BC3E0F26258B10AB001EA950 /* Preview Assets.xcassets */,
			);
			path = "Preview Content";
			sourceTree = "<group>";
		};
		BC3E0F32258B10BE001EA950 /* Views */ = {
			isa = PBXGroup;
			children = (
				BC3E0F1E258B10AA001EA950 /* ContentView.swift */,
				BCD79FC4258B13B800BA259C /* RollView.swift */,
			);
			path = Views;
			sourceTree = "<group>";
		};
		BCD79FC8258B1C0F00BA259C /* Models */ = {
			isa = PBXGroup;
			children = (
				BCD79FC9258B1C2A00BA259C /* Roll+CoreDataClass.swift */,
				BCD79FCA258B1C2A00BA259C /* Roll+CoreDataProperties.swift */,
				BC3E0F20258B10AA001EA950 /* Milestone_16_18_DiceRoller.xcdatamodeld */,
			);
			path = Models;
			sourceTree = "<group>";
		};
/* End PBXGroup section */

/* Begin PBXNativeTarget section */
		BC3E0F16258B10AA001EA950 /* Milestone 16-18 DiceRoller */ = {
			isa = PBXNativeTarget;
			buildConfigurationList = BC3E0F2E258B10AB001EA950 /* Build configuration list for PBXNativeTarget "Milestone 16-18 DiceRoller" */;
			buildPhases = (
				BC3E0F13258B10AA001EA950 /* Sources */,
				BC3E0F14258B10AA001EA950 /* Frameworks */,
				BC3E0F15258B10AA001EA950 /* Resources */,
			);
			buildRules = (
			);
			dependencies = (
			);
			name = "Milestone 16-18 DiceRoller";
			productName = "Milestone 16-18 DiceRoller";
			productReference = BC3E0F17258B10AA001EA950 /* Milestone 16-18 DiceRoller.app */;
			productType = "com.apple.product-type.application";
		};
/* End PBXNativeTarget section */

/* Begin PBXProject section */
		BC3E0F0F258B10AA001EA950 /* Project object */ = {
			isa = PBXProject;
			attributes = {
				LastSwiftUpdateCheck = 1230;
				LastUpgradeCheck = 1230;
				TargetAttributes = {
					BC3E0F16258B10AA001EA950 = {
						CreatedOnToolsVersion = 12.3;
					};
				};
			};
			buildConfigurationList = BC3E0F12258B10AA001EA950 /* Build configuration list for PBXProject "Milestone 16-18 DiceRoller" */;
			compatibilityVersion = "Xcode 9.3";
			developmentRegion = en;
			hasScannedForEncodings = 0;
			knownRegions = (
				en,
				Base,
			);
			mainGroup = BC3E0F0E258B10AA001EA950;
			productRefGroup = BC3E0F18258B10AA001EA950 /* Products */;
			projectDirPath = "";
			projectRoot = "";
			targets = (
				BC3E0F16258B10AA001EA950 /* Milestone 16-18 DiceRoller */,
			);
		};
/* End PBXProject section */

/* Begin PBXResourcesBuildPhase section */
		BC3E0F15258B10AA001EA950 /* Resources */ = {
			isa = PBXResourcesBuildPhase;
			buildActionMask = 2147483647;
			files = (
				BCD79FD0258B1CE400BA259C /* Milestone_16_18_DiceRoller.xcdatamodeld in Resources */,
				BC3E0F2A258B10AB001EA950 /* LaunchScreen.storyboard in Resources */,
				BC3E0F27258B10AB001EA950 /* Preview Assets.xcassets in Resources */,
				BC3E0F24258B10AB001EA950 /* Assets.xcassets in Resources */,
			);
			runOnlyForDeploymentPostprocessing = 0;
		};
/* End PBXResourcesBuildPhase section */

/* Begin PBXSourcesBuildPhase section */
		BC3E0F13258B10AA001EA950 /* Sources */ = {
			isa = PBXSourcesBuildPhase;
			buildActionMask = 2147483647;
			files = (
				BCD79FCB258B1C2A00BA259C /* Roll+CoreDataClass.swift in Sources */,
				BC3E0F1B258B10AA001EA950 /* AppDelegate.swift in Sources */,
				BCD79FCC258B1C2A00BA259C /* Roll+CoreDataProperties.swift in Sources */,
				BCD79FC5258B13B800BA259C /* RollView.swift in Sources */,
				BC3E0F1D258B10AA001EA950 /* SceneDelegate.swift in Sources */,
				BC3E0F1F258B10AA001EA950 /* ContentView.swift in Sources */,
			);
			runOnlyForDeploymentPostprocessing = 0;
		};
/* End PBXSourcesBuildPhase section */

/* Begin PBXVariantGroup section */
		BC3E0F28258B10AB001EA950 /* LaunchScreen.storyboard */ = {
			isa = PBXVariantGroup;
			children = (
				BC3E0F29258B10AB001EA950 /* Base */,
			);
			name = LaunchScreen.storyboard;
			sourceTree = "<group>";
		};
/* End PBXVariantGroup section */

/* Begin XCBuildConfiguration section */
		BC3E0F2C258B10AB001EA950 /* Debug */ = {
			isa = XCBuildConfiguration;
			buildSettings = {
				ALWAYS_SEARCH_USER_PATHS = NO;
				CLANG_ANALYZER_NONNULL = YES;
				CLANG_ANALYZER_NUMBER_OBJECT_CONVERSION = YES_AGGRESSIVE;
				CLANG_CXX_LANGUAGE_STANDARD = "gnu++14";
				CLANG_CXX_LIBRARY = "libc++";
				CLANG_ENABLE_MODULES = YES;
				CLANG_ENABLE_OBJC_ARC = YES;
				CLANG_ENABLE_OBJC_WEAK = YES;
				CLANG_WARN_BLOCK_CAPTURE_AUTORELEASING = YES;
				CLANG_WARN_BOOL_CONVERSION = YES;
				CLANG_WARN_COMMA = YES;
				CLANG_WARN_CONSTANT_CONVERSION = YES;
				CLANG_WARN_DEPRECATED_OBJC_IMPLEMENTATIONS = YES;
				CLANG_WARN_DIRECT_OBJC_ISA_USAGE = YES_ERROR;
				CLANG_WARN_DOCUMENTATION_COMMENTS = YES;
				CLANG_WARN_EMPTY_BODY = YES;
				CLANG_WARN_ENUM_CONVERSION = YES;
				CLANG_WARN_INFINITE_RECURSION = YES;
				CLANG_WARN_INT_CONVERSION = YES;
				CLANG_WARN_NON_LITERAL_NULL_CONVERSION = YES;
				CLANG_WARN_OBJC_IMPLICIT_RETAIN_SELF = YES;
				CLANG_WARN_OBJC_LITERAL_CONVERSION = YES;
				CLANG_WARN_OBJC_ROOT_CLASS = YES_ERROR;
				CLANG_WARN_QUOTED_INCLUDE_IN_FRAMEWORK_HEADER = YES;
				CLANG_WARN_RANGE_LOOP_ANALYSIS = YES;
				CLANG_WARN_STRICT_PROTOTYPES = YES;
				CLANG_WARN_SUSPICIOUS_MOVE = YES;
				CLANG_WARN_UNGUARDED_AVAILABILITY = YES_AGGRESSIVE;
				CLANG_WARN_UNREACHABLE_CODE = YES;
				CLANG_WARN__DUPLICATE_METHOD_MATCH = YES;
				COPY_PHASE_STRIP = NO;
				DEBUG_INFORMATION_FORMAT = dwarf;
				ENABLE_STRICT_OBJC_MSGSEND = YES;
				ENABLE_TESTABILITY = YES;
				GCC_C_LANGUAGE_STANDARD = gnu11;
				GCC_DYNAMIC_NO_PIC = NO;
				GCC_NO_COMMON_BLOCKS = YES;
				GCC_OPTIMIZATION_LEVEL = 0;
				GCC_PREPROCESSOR_DEFINITIONS = (
					"DEBUG=1",
					"$(inherited)",
				);
				GCC_WARN_64_TO_32_BIT_CONVERSION = YES;
				GCC_WARN_ABOUT_RETURN_TYPE = YES_ERROR;
				GCC_WARN_UNDECLARED_SELECTOR = YES;
				GCC_WARN_UNINITIALIZED_AUTOS = YES_AGGRESSIVE;
				GCC_WARN_UNUSED_FUNCTION = YES;
				GCC_WARN_UNUSED_VARIABLE = YES;
				IPHONEOS_DEPLOYMENT_TARGET = 14.3;
				MTL_ENABLE_DEBUG_INFO = INCLUDE_SOURCE;
				MTL_FAST_MATH = YES;
				ONLY_ACTIVE_ARCH = YES;
				SDKROOT = iphoneos;
				SWIFT_ACTIVE_COMPILATION_CONDITIONS = DEBUG;
				SWIFT_OPTIMIZATION_LEVEL = "-Onone";
			};
			name = Debug;
		};
		BC3E0F2D258B10AB001EA950 /* Release */ = {
			isa = XCBuildConfiguration;
			buildSettings = {
				ALWAYS_SEARCH_USER_PATHS = NO;
				CLANG_ANALYZER_NONNULL = YES;
				CLANG_ANALYZER_NUMBER_OBJECT_CONVERSION = YES_AGGRESSIVE;
				CLANG_CXX_LANGUAGE_STANDARD = "gnu++14";
				CLANG_CXX_LIBRARY = "libc++";
				CLANG_ENABLE_MODULES = YES;
				CLANG_ENABLE_OBJC_ARC = YES;
				CLANG_ENABLE_OBJC_WEAK = YES;
				CLANG_WARN_BLOCK_CAPTURE_AUTORELEASING = YES;
				CLANG_WARN_BOOL_CONVERSION = YES;
				CLANG_WARN_COMMA = YES;
				CLANG_WARN_CONSTANT_CONVERSION = YES;
				CLANG_WARN_DEPRECATED_OBJC_IMPLEMENTATIONS = YES;
				CLANG_WARN_DIRECT_OBJC_ISA_USAGE = YES_ERROR;
				CLANG_WARN_DOCUMENTATION_COMMENTS = YES;
				CLANG_WARN_EMPTY_BODY = YES;
				CLANG_WARN_ENUM_CONVERSION = YES;
				CLANG_WARN_INFINITE_RECURSION = YES;
				CLANG_WARN_INT_CONVERSION = YES;
				CLANG_WARN_NON_LITERAL_NULL_CONVERSION = YES;
				CLANG_WARN_OBJC_IMPLICIT_RETAIN_SELF = YES;
				CLANG_WARN_OBJC_LITERAL_CONVERSION = YES;
				CLANG_WARN_OBJC_ROOT_CLASS = YES_ERROR;
				CLANG_WARN_QUOTED_INCLUDE_IN_FRAMEWORK_HEADER = YES;
				CLANG_WARN_RANGE_LOOP_ANALYSIS = YES;
				CLANG_WARN_STRICT_PROTOTYPES = YES;
				CLANG_WARN_SUSPICIOUS_MOVE = YES;
				CLANG_WARN_UNGUARDED_AVAILABILITY = YES_AGGRESSIVE;
				CLANG_WARN_UNREACHABLE_CODE = YES;
				CLANG_WARN__DUPLICATE_METHOD_MATCH = YES;
				COPY_PHASE_STRIP = NO;
				DEBUG_INFORMATION_FORMAT = "dwarf-with-dsym";
				ENABLE_NS_ASSERTIONS = NO;
				ENABLE_STRICT_OBJC_MSGSEND = YES;
				GCC_C_LANGUAGE_STANDARD = gnu11;
				GCC_NO_COMMON_BLOCKS = YES;
				GCC_WARN_64_TO_32_BIT_CONVERSION = YES;
				GCC_WARN_ABOUT_RETURN_TYPE = YES_ERROR;
				GCC_WARN_UNDECLARED_SELECTOR = YES;
				GCC_WARN_UNINITIALIZED_AUTOS = YES_AGGRESSIVE;
				GCC_WARN_UNUSED_FUNCTION = YES;
				GCC_WARN_UNUSED_VARIABLE = YES;
				IPHONEOS_DEPLOYMENT_TARGET = 14.3;
				MTL_ENABLE_DEBUG_INFO = NO;
				MTL_FAST_MATH = YES;
				SDKROOT = iphoneos;
				SWIFT_COMPILATION_MODE = wholemodule;
				SWIFT_OPTIMIZATION_LEVEL = "-O";
				VALIDATE_PRODUCT = YES;
			};
			name = Release;
		};
		BC3E0F2F258B10AB001EA950 /* Debug */ = {
			isa = XCBuildConfiguration;
			buildSettings = {
				ASSETCATALOG_COMPILER_APPICON_NAME = AppIcon;
				ASSETCATALOG_COMPILER_GLOBAL_ACCENT_COLOR_NAME = AccentColor;
				CODE_SIGN_STYLE = Automatic;
				DEVELOPMENT_ASSET_PATHS = "\"Milestone 16-18 DiceRoller/Preview Content\"";
				DEVELOPMENT_TEAM = GMC4Z3BP4Y;
				ENABLE_PREVIEWS = YES;
				INFOPLIST_FILE = "Milestone 16-18 DiceRoller/Info.plist";
				LD_RUNPATH_SEARCH_PATHS = (
					"$(inherited)",
					"@executable_path/Frameworks",
				);
				PRODUCT_BUNDLE_IDENTIFIER = "com.kellough.Milestone-16-18-DiceRoller";
				PRODUCT_NAME = "$(TARGET_NAME)";
				SWIFT_VERSION = 5.0;
				TARGETED_DEVICE_FAMILY = "1,2";
			};
			name = Debug;
		};
		BC3E0F30258B10AB001EA950 /* Release */ = {
			isa = XCBuildConfiguration;
			buildSettings = {
				ASSETCATALOG_COMPILER_APPICON_NAME = AppIcon;
				ASSETCATALOG_COMPILER_GLOBAL_ACCENT_COLOR_NAME = AccentColor;
				CODE_SIGN_STYLE = Automatic;
				DEVELOPMENT_ASSET_PATHS = "\"Milestone 16-18 DiceRoller/Preview Content\"";
				DEVELOPMENT_TEAM = GMC4Z3BP4Y;
				ENABLE_PREVIEWS = YES;
				INFOPLIST_FILE = "Milestone 16-18 DiceRoller/Info.plist";
				LD_RUNPATH_SEARCH_PATHS = (
					"$(inherited)",
					"@executable_path/Frameworks",
				);
				PRODUCT_BUNDLE_IDENTIFIER = "com.kellough.Milestone-16-18-DiceRoller";
				PRODUCT_NAME = "$(TARGET_NAME)";
				SWIFT_VERSION = 5.0;
				TARGETED_DEVICE_FAMILY = "1,2";
			};
			name = Release;
		};
/* End XCBuildConfiguration section */

/* Begin XCConfigurationList section */
		BC3E0F12258B10AA001EA950 /* Build configuration list for PBXProject "Milestone 16-18 DiceRoller" */ = {
			isa = XCConfigurationList;
			buildConfigurations = (
				BC3E0F2C258B10AB001EA950 /* Debug */,
				BC3E0F2D258B10AB001EA950 /* Release */,
			);
			defaultConfigurationIsVisible = 0;
			defaultConfigurationName = Release;
		};
		BC3E0F2E258B10AB001EA950 /* Build configuration list for PBXNativeTarget "Milestone 16-18 DiceRoller" */ = {
			isa = XCConfigurationList;
			buildConfigurations = (
				BC3E0F2F258B10AB001EA950 /* Debug */,
				BC3E0F30258B10AB001EA950 /* Release */,
			);
			defaultConfigurationIsVisible = 0;
			defaultConfigurationName = Release;
		};
/* End XCConfigurationList section */

/* Begin XCVersionGroup section */
		BC3E0F20258B10AA001EA950 /* Milestone_16_18_DiceRoller.xcdatamodeld */ = {
			isa = XCVersionGroup;
			children = (
				BC3E0F21258B10AA001EA950 /* Milestone_16_18_DiceRoller.xcdatamodel */,
			);
			currentVersion = BC3E0F21258B10AA001EA950 /* Milestone_16_18_DiceRoller.xcdatamodel */;
			path = Milestone_16_18_DiceRoller.xcdatamodeld;
			sourceTree = "<group>";
			versionGroupType = wrapper.xcdatamodel;
		};
/* End XCVersionGroup section */
	};
	rootObject = BC3E0F0F258B10AA001EA950 /* Project object */;
}
