// !$*UTF8*$!
{
	archiveVersion = 1;
	classes = {
	};
	objectVersion = 50;
	objects = {

/* Begin PBXBuildFile section */
		BC18B5B92571CF650024D872 /* AppDelegate.swift in Sources */ = {isa = PBXBuildFile; fileRef = BC18B5B82571CF650024D872 /* AppDelegate.swift */; };
		BC18B5BB2571CF650024D872 /* SceneDelegate.swift in Sources */ = {isa = PBXBuildFile; fileRef = BC18B5BA2571CF650024D872 /* SceneDelegate.swift */; };
		BC18B5BD2571CF650024D872 /* ContentView.swift in Sources */ = {isa = PBXBuildFile; fileRef = BC18B5BC2571CF650024D872 /* ContentView.swift */; };
		BC18B5C02571CF650024D872 /* BucketList.xcdatamodeld in Sources */ = {isa = PBXBuildFile; fileRef = BC18B5BE2571CF650024D872 /* BucketList.xcdatamodeld */; };
		BC18B5C22571CF650024D872 /* Assets.xcassets in Resources */ = {isa = PBXBuildFile; fileRef = BC18B5C12571CF650024D872 /* Assets.xcassets */; };
		BC18B5C52571CF650024D872 /* Preview Assets.xcassets in Resources */ = {isa = PBXBuildFile; fileRef = BC18B5C42571CF650024D872 /* Preview Assets.xcassets */; };
		BC18B5C82571CF650024D872 /* LaunchScreen.storyboard in Resources */ = {isa = PBXBuildFile; fileRef = BC18B5C62571CF650024D872 /* LaunchScreen.storyboard */; };
		BC18B5D72571D5660024D872 /* FileManage+Extension.swift in Sources */ = {isa = PBXBuildFile; fileRef = BC18B5D62571D5660024D872 /* FileManage+Extension.swift */; };
		BC18B5DA2571D9530024D872 /* MapView.swift in Sources */ = {isa = PBXBuildFile; fileRef = BC18B5D92571D9530024D872 /* MapView.swift */; };
/* End PBXBuildFile section */

/* Begin PBXFileReference section */
		BC18B5B52571CF650024D872 /* BucketList.app */ = {isa = PBXFileReference; explicitFileType = wrapper.application; includeInIndex = 0; path = BucketList.app; sourceTree = BUILT_PRODUCTS_DIR; };
		BC18B5B82571CF650024D872 /* AppDelegate.swift */ = {isa = PBXFileReference; lastKnownFileType = sourcecode.swift; path = AppDelegate.swift; sourceTree = "<group>"; };
		BC18B5BA2571CF650024D872 /* SceneDelegate.swift */ = {isa = PBXFileReference; lastKnownFileType = sourcecode.swift; path = SceneDelegate.swift; sourceTree = "<group>"; };
		BC18B5BC2571CF650024D872 /* ContentView.swift */ = {isa = PBXFileReference; lastKnownFileType = sourcecode.swift; path = ContentView.swift; sourceTree = "<group>"; };
		BC18B5BF2571CF650024D872 /* BucketList.xcdatamodel */ = {isa = PBXFileReference; lastKnownFileType = wrapper.xcdatamodel; path = BucketList.xcdatamodel; sourceTree = "<group>"; };
		BC18B5C12571CF650024D872 /* Assets.xcassets */ = {isa = PBXFileReference; lastKnownFileType = folder.assetcatalog; path = Assets.xcassets; sourceTree = "<group>"; };
		BC18B5C42571CF650024D872 /* Preview Assets.xcassets */ = {isa = PBXFileReference; lastKnownFileType = folder.assetcatalog; path = "Preview Assets.xcassets"; sourceTree = "<group>"; };
		BC18B5C72571CF650024D872 /* Base */ = {isa = PBXFileReference; lastKnownFileType = file.storyboard; name = Base; path = Base.lproj/LaunchScreen.storyboard; sourceTree = "<group>"; };
		BC18B5C92571CF650024D872 /* Info.plist */ = {isa = PBXFileReference; lastKnownFileType = text.plist.xml; path = Info.plist; sourceTree = "<group>"; };
		BC18B5D62571D5660024D872 /* FileManage+Extension.swift */ = {isa = PBXFileReference; lastKnownFileType = sourcecode.swift; path = "FileManage+Extension.swift"; sourceTree = "<group>"; };
		BC18B5D92571D9530024D872 /* MapView.swift */ = {isa = PBXFileReference; lastKnownFileType = sourcecode.swift; path = MapView.swift; sourceTree = "<group>"; };
/* End PBXFileReference section */

/* Begin PBXFrameworksBuildPhase section */
		BC18B5B22571CF650024D872 /* Frameworks */ = {
			isa = PBXFrameworksBuildPhase;
			buildActionMask = 2147483647;
			files = (
			);
			runOnlyForDeploymentPostprocessing = 0;
		};
/* End PBXFrameworksBuildPhase section */

/* Begin PBXGroup section */
		BC18B5AC2571CF650024D872 = {
			isa = PBXGroup;
			children = (
				BC18B5B72571CF650024D872 /* BucketList */,
				BC18B5B62571CF650024D872 /* Products */,
			);
			sourceTree = "<group>";
		};
		BC18B5B62571CF650024D872 /* Products */ = {
			isa = PBXGroup;
			children = (
				BC18B5B52571CF650024D872 /* BucketList.app */,
			);
			name = Products;
			sourceTree = "<group>";
		};
		BC18B5B72571CF650024D872 /* BucketList */ = {
			isa = PBXGroup;
			children = (
				BC18B5D02571D2620024D872 /* Extensions */,
				BC18B5B82571CF650024D872 /* AppDelegate.swift */,
				BC18B5BA2571CF650024D872 /* SceneDelegate.swift */,
				BC18B5BC2571CF650024D872 /* ContentView.swift */,
				BC18B5D92571D9530024D872 /* MapView.swift */,
				BC18B5C12571CF650024D872 /* Assets.xcassets */,
				BC18B5C62571CF650024D872 /* LaunchScreen.storyboard */,
				BC18B5C92571CF650024D872 /* Info.plist */,
				BC18B5BE2571CF650024D872 /* BucketList.xcdatamodeld */,
				BC18B5C32571CF650024D872 /* Preview Content */,
			);
			path = BucketList;
			sourceTree = "<group>";
		};
		BC18B5C32571CF650024D872 /* Preview Content */ = {
			isa = PBXGroup;
			children = (
				BC18B5C42571CF650024D872 /* Preview Assets.xcassets */,
			);
			path = "Preview Content";
			sourceTree = "<group>";
		};
		BC18B5D02571D2620024D872 /* Extensions */ = {
			isa = PBXGroup;
			children = (
				BC18B5D62571D5660024D872 /* FileManage+Extension.swift */,
			);
			path = Extensions;
			sourceTree = "<group>";
		};
/* End PBXGroup section */

/* Begin PBXNativeTarget section */
		BC18B5B42571CF650024D872 /* BucketList */ = {
			isa = PBXNativeTarget;
			buildConfigurationList = BC18B5CC2571CF650024D872 /* Build configuration list for PBXNativeTarget "BucketList" */;
			buildPhases = (
				BC18B5B12571CF650024D872 /* Sources */,
				BC18B5B22571CF650024D872 /* Frameworks */,
				BC18B5B32571CF650024D872 /* Resources */,
			);
			buildRules = (
			);
			dependencies = (
			);
			name = BucketList;
			productName = BucketList;
			productReference = BC18B5B52571CF650024D872 /* BucketList.app */;
			productType = "com.apple.product-type.application";
		};
/* End PBXNativeTarget section */

/* Begin PBXProject section */
		BC18B5AD2571CF650024D872 /* Project object */ = {
			isa = PBXProject;
			attributes = {
				LastSwiftUpdateCheck = 1220;
				LastUpgradeCheck = 1220;
				TargetAttributes = {
					BC18B5B42571CF650024D872 = {
						CreatedOnToolsVersion = 12.2;
					};
				};
			};
			buildConfigurationList = BC18B5B02571CF650024D872 /* Build configuration list for PBXProject "BucketList" */;
			compatibilityVersion = "Xcode 9.3";
			developmentRegion = en;
			hasScannedForEncodings = 0;
			knownRegions = (
				en,
				Base,
			);
			mainGroup = BC18B5AC2571CF650024D872;
			productRefGroup = BC18B5B62571CF650024D872 /* Products */;
			projectDirPath = "";
			projectRoot = "";
			targets = (
				BC18B5B42571CF650024D872 /* BucketList */,
			);
		};
/* End PBXProject section */

/* Begin PBXResourcesBuildPhase section */
		BC18B5B32571CF650024D872 /* Resources */ = {
			isa = PBXResourcesBuildPhase;
			buildActionMask = 2147483647;
			files = (
				BC18B5C82571CF650024D872 /* LaunchScreen.storyboard in Resources */,
				BC18B5C52571CF650024D872 /* Preview Assets.xcassets in Resources */,
				BC18B5C22571CF650024D872 /* Assets.xcassets in Resources */,
			);
			runOnlyForDeploymentPostprocessing = 0;
		};
/* End PBXResourcesBuildPhase section */

/* Begin PBXSourcesBuildPhase section */
		BC18B5B12571CF650024D872 /* Sources */ = {
			isa = PBXSourcesBuildPhase;
			buildActionMask = 2147483647;
			files = (
				BC18B5B92571CF650024D872 /* AppDelegate.swift in Sources */,
				BC18B5DA2571D9530024D872 /* MapView.swift in Sources */,
				BC18B5D72571D5660024D872 /* FileManage+Extension.swift in Sources */,
				BC18B5C02571CF650024D872 /* BucketList.xcdatamodeld in Sources */,
				BC18B5BB2571CF650024D872 /* SceneDelegate.swift in Sources */,
				BC18B5BD2571CF650024D872 /* ContentView.swift in Sources */,
			);
			runOnlyForDeploymentPostprocessing = 0;
		};
/* End PBXSourcesBuildPhase section */

/* Begin PBXVariantGroup section */
		BC18B5C62571CF650024D872 /* LaunchScreen.storyboard */ = {
			isa = PBXVariantGroup;
			children = (
				BC18B5C72571CF650024D872 /* Base */,
			);
			name = LaunchScreen.storyboard;
			sourceTree = "<group>";
		};
/* End PBXVariantGroup section */

/* Begin XCBuildConfiguration section */
		BC18B5CA2571CF650024D872 /* Debug */ = {
			isa = XCBuildConfiguration;
			buildSettings = {
				ALWAYS_SEARCH_USER_PATHS = NO;
				CLANG_ANALYZER_NONNULL = YES;
				CLANG_ANALYZER_NUMBER_OBJECT_CONVERSION = YES_AGGRESSIVE;
				CLANG_CXX_LANGUAGE_STANDARD = "gnu++14";
				CLANG_CXX_LIBRARY = "libc++";
				CLANG_ENABLE_MODULES = YES;
				CLANG_ENABLE_OBJC_ARC = YES;
				CLANG_ENABLE_OBJC_WEAK = YES;
				CLANG_WARN_BLOCK_CAPTURE_AUTORELEASING = YES;
				CLANG_WARN_BOOL_CONVERSION = YES;
				CLANG_WARN_COMMA = YES;
				CLANG_WARN_CONSTANT_CONVERSION = YES;
				CLANG_WARN_DEPRECATED_OBJC_IMPLEMENTATIONS = YES;
				CLANG_WARN_DIRECT_OBJC_ISA_USAGE = YES_ERROR;
				CLANG_WARN_DOCUMENTATION_COMMENTS = YES;
				CLANG_WARN_EMPTY_BODY = YES;
				CLANG_WARN_ENUM_CONVERSION = YES;
				CLANG_WARN_INFINITE_RECURSION = YES;
				CLANG_WARN_INT_CONVERSION = YES;
				CLANG_WARN_NON_LITERAL_NULL_CONVERSION = YES;
				CLANG_WARN_OBJC_IMPLICIT_RETAIN_SELF = YES;
				CLANG_WARN_OBJC_LITERAL_CONVERSION = YES;
				CLANG_WARN_OBJC_ROOT_CLASS = YES_ERROR;
				CLANG_WARN_QUOTED_INCLUDE_IN_FRAMEWORK_HEADER = YES;
				CLANG_WARN_RANGE_LOOP_ANALYSIS = YES;
				CLANG_WARN_STRICT_PROTOTYPES = YES;
				CLANG_WARN_SUSPICIOUS_MOVE = YES;
				CLANG_WARN_UNGUARDED_AVAILABILITY = YES_AGGRESSIVE;
				CLANG_WARN_UNREACHABLE_CODE = YES;
				CLANG_WARN__DUPLICATE_METHOD_MATCH = YES;
				COPY_PHASE_STRIP = NO;
				DEBUG_INFORMATION_FORMAT = dwarf;
				ENABLE_STRICT_OBJC_MSGSEND = YES;
				ENABLE_TESTABILITY = YES;
				GCC_C_LANGUAGE_STANDARD = gnu11;
				GCC_DYNAMIC_NO_PIC = NO;
				GCC_NO_COMMON_BLOCKS = YES;
				GCC_OPTIMIZATION_LEVEL = 0;
				GCC_PREPROCESSOR_DEFINITIONS = (
					"DEBUG=1",
					"$(inherited)",
				);
				GCC_WARN_64_TO_32_BIT_CONVERSION = YES;
				GCC_WARN_ABOUT_RETURN_TYPE = YES_ERROR;
				GCC_WARN_UNDECLARED_SELECTOR = YES;
				GCC_WARN_UNINITIALIZED_AUTOS = YES_AGGRESSIVE;
				GCC_WARN_UNUSED_FUNCTION = YES;
				GCC_WARN_UNUSED_VARIABLE = YES;
				IPHONEOS_DEPLOYMENT_TARGET = 14.2;
				MTL_ENABLE_DEBUG_INFO = INCLUDE_SOURCE;
				MTL_FAST_MATH = YES;
				ONLY_ACTIVE_ARCH = YES;
				SDKROOT = iphoneos;
				SWIFT_ACTIVE_COMPILATION_CONDITIONS = DEBUG;
				SWIFT_OPTIMIZATION_LEVEL = "-Onone";
			};
			name = Debug;
		};
		BC18B5CB2571CF650024D872 /* Release */ = {
			isa = XCBuildConfiguration;
			buildSettings = {
				ALWAYS_SEARCH_USER_PATHS = NO;
				CLANG_ANALYZER_NONNULL = YES;
				CLANG_ANALYZER_NUMBER_OBJECT_CONVERSION = YES_AGGRESSIVE;
				CLANG_CXX_LANGUAGE_STANDARD = "gnu++14";
				CLANG_CXX_LIBRARY = "libc++";
				CLANG_ENABLE_MODULES = YES;
				CLANG_ENABLE_OBJC_ARC = YES;
				CLANG_ENABLE_OBJC_WEAK = YES;
				CLANG_WARN_BLOCK_CAPTURE_AUTORELEASING = YES;
				CLANG_WARN_BOOL_CONVERSION = YES;
				CLANG_WARN_COMMA = YES;
				CLANG_WARN_CONSTANT_CONVERSION = YES;
				CLANG_WARN_DEPRECATED_OBJC_IMPLEMENTATIONS = YES;
				CLANG_WARN_DIRECT_OBJC_ISA_USAGE = YES_ERROR;
				CLANG_WARN_DOCUMENTATION_COMMENTS = YES;
				CLANG_WARN_EMPTY_BODY = YES;
				CLANG_WARN_ENUM_CONVERSION = YES;
				CLANG_WARN_INFINITE_RECURSION = YES;
				CLANG_WARN_INT_CONVERSION = YES;
				CLANG_WARN_NON_LITERAL_NULL_CONVERSION = YES;
				CLANG_WARN_OBJC_IMPLICIT_RETAIN_SELF = YES;
				CLANG_WARN_OBJC_LITERAL_CONVERSION = YES;
				CLANG_WARN_OBJC_ROOT_CLASS = YES_ERROR;
				CLANG_WARN_QUOTED_INCLUDE_IN_FRAMEWORK_HEADER = YES;
				CLANG_WARN_RANGE_LOOP_ANALYSIS = YES;
				CLANG_WARN_STRICT_PROTOTYPES = YES;
				CLANG_WARN_SUSPICIOUS_MOVE = YES;
				CLANG_WARN_UNGUARDED_AVAILABILITY = YES_AGGRESSIVE;
				CLANG_WARN_UNREACHABLE_CODE = YES;
				CLANG_WARN__DUPLICATE_METHOD_MATCH = YES;
				COPY_PHASE_STRIP = NO;
				DEBUG_INFORMATION_FORMAT = "dwarf-with-dsym";
				ENABLE_NS_ASSERTIONS = NO;
				ENABLE_STRICT_OBJC_MSGSEND = YES;
				GCC_C_LANGUAGE_STANDARD = gnu11;
				GCC_NO_COMMON_BLOCKS = YES;
				GCC_WARN_64_TO_32_BIT_CONVERSION = YES;
				GCC_WARN_ABOUT_RETURN_TYPE = YES_ERROR;
				GCC_WARN_UNDECLARED_SELECTOR = YES;
				GCC_WARN_UNINITIALIZED_AUTOS = YES_AGGRESSIVE;
				GCC_WARN_UNUSED_FUNCTION = YES;
				GCC_WARN_UNUSED_VARIABLE = YES;
				IPHONEOS_DEPLOYMENT_TARGET = 14.2;
				MTL_ENABLE_DEBUG_INFO = NO;
				MTL_FAST_MATH = YES;
				SDKROOT = iphoneos;
				SWIFT_COMPILATION_MODE = wholemodule;
				SWIFT_OPTIMIZATION_LEVEL = "-O";
				VALIDATE_PRODUCT = YES;
			};
			name = Release;
		};
		BC18B5CD2571CF650024D872 /* Debug */ = {
			isa = XCBuildConfiguration;
			buildSettings = {
				ASSETCATALOG_COMPILER_APPICON_NAME = AppIcon;
				ASSETCATALOG_COMPILER_GLOBAL_ACCENT_COLOR_NAME = AccentColor;
				CODE_SIGN_STYLE = Automatic;
				DEVELOPMENT_ASSET_PATHS = "\"BucketList/Preview Content\"";
				DEVELOPMENT_TEAM = GMC4Z3BP4Y;
				ENABLE_PREVIEWS = YES;
				INFOPLIST_FILE = BucketList/Info.plist;
				LD_RUNPATH_SEARCH_PATHS = (
					"$(inherited)",
					"@executable_path/Frameworks",
				);
				PRODUCT_BUNDLE_IDENTIFIER = com.kellough.BucketList;
				PRODUCT_NAME = "$(TARGET_NAME)";
				SWIFT_VERSION = 5.0;
				TARGETED_DEVICE_FAMILY = "1,2";
			};
			name = Debug;
		};
		BC18B5CE2571CF650024D872 /* Release */ = {
			isa = XCBuildConfiguration;
			buildSettings = {
				ASSETCATALOG_COMPILER_APPICON_NAME = AppIcon;
				ASSETCATALOG_COMPILER_GLOBAL_ACCENT_COLOR_NAME = AccentColor;
				CODE_SIGN_STYLE = Automatic;
				DEVELOPMENT_ASSET_PATHS = "\"BucketList/Preview Content\"";
				DEVELOPMENT_TEAM = GMC4Z3BP4Y;
				ENABLE_PREVIEWS = YES;
				INFOPLIST_FILE = BucketList/Info.plist;
				LD_RUNPATH_SEARCH_PATHS = (
					"$(inherited)",
					"@executable_path/Frameworks",
				);
				PRODUCT_BUNDLE_IDENTIFIER = com.kellough.BucketList;
				PRODUCT_NAME = "$(TARGET_NAME)";
				SWIFT_VERSION = 5.0;
				TARGETED_DEVICE_FAMILY = "1,2";
			};
			name = Release;
		};
/* End XCBuildConfiguration section */

/* Begin XCConfigurationList section */
		BC18B5B02571CF650024D872 /* Build configuration list for PBXProject "BucketList" */ = {
			isa = XCConfigurationList;
			buildConfigurations = (
				BC18B5CA2571CF650024D872 /* Debug */,
				BC18B5CB2571CF650024D872 /* Release */,
			);
			defaultConfigurationIsVisible = 0;
			defaultConfigurationName = Release;
		};
		BC18B5CC2571CF650024D872 /* Build configuration list for PBXNativeTarget "BucketList" */ = {
			isa = XCConfigurationList;
			buildConfigurations = (
				BC18B5CD2571CF650024D872 /* Debug */,
				BC18B5CE2571CF650024D872 /* Release */,
			);
			defaultConfigurationIsVisible = 0;
			defaultConfigurationName = Release;
		};
/* End XCConfigurationList section */

/* Begin XCVersionGroup section */
		BC18B5BE2571CF650024D872 /* BucketList.xcdatamodeld */ = {
			isa = XCVersionGroup;
			children = (
				BC18B5BF2571CF650024D872 /* BucketList.xcdatamodel */,
			);
			currentVersion = BC18B5BF2571CF650024D872 /* BucketList.xcdatamodel */;
			path = BucketList.xcdatamodeld;
			sourceTree = "<group>";
			versionGroupType = wrapper.xcdatamodel;
		};
/* End XCVersionGroup section */
	};
	rootObject = BC18B5AD2571CF650024D872 /* Project object */;
}
